// !$*UTF8*$!
{
	archiveVersion = 1;
	classes = {
	};
	objectVersion = 77;
	objects = {

/* Begin PBXBuildFile section */
		292712832CCD346E0088AA40 /* Settings.bundle in Resources */ = {isa = PBXBuildFile; fileRef = 292712822CCD346E0088AA40 /* Settings.bundle */; };
		292712A42CCD528E0088AA40 /* Assets.xcassets in Resources */ = {isa = PBXBuildFile; fileRef = 2927129D2CCD528E0088AA40 /* Assets.xcassets */; };
		292712B82CCD528E0088AA40 /* Preview Assets.xcassets in Resources */ = {isa = PBXBuildFile; fileRef = 292712B02CCD528E0088AA40 /* Preview Assets.xcassets */; };
		292712B92CCD528E0088AA40 /* Assets.xcassets in Resources */ = {isa = PBXBuildFile; fileRef = 292712B22CCD528E0088AA40 /* Assets.xcassets */; };
		292712C02CCD57AF0088AA40 /* EMOM-timers-Info.plist in Resources */ = {isa = PBXBuildFile; fileRef = 292712A12CCD528E0088AA40 /* EMOM-timers-Info.plist */; };
		2927130E2CCD5CBB0088AA40 /* Localizable.xcstrings in Resources */ = {isa = PBXBuildFile; fileRef = 292713012CCD5CBB0088AA40 /* Localizable.xcstrings */; };
		2927130F2CCD5CBB0088AA40 /* Assets.xcassets in Resources */ = {isa = PBXBuildFile; fileRef = 292713042CCD5CBB0088AA40 /* Assets.xcassets */; };
		292713102CCD5CBB0088AA40 /* MirroredTimer.swift in Sources */ = {isa = PBXBuildFile; fileRef = 292712FA2CCD5CBB0088AA40 /* MirroredTimer.swift */; };
		292713112CCD5CBB0088AA40 /* Connectivity.swift in Sources */ = {isa = PBXBuildFile; fileRef = 292712EE2CCD5CBB0088AA40 /* Connectivity.swift */; };
		292713122CCD5CBB0088AA40 /* Delivery.swift in Sources */ = {isa = PBXBuildFile; fileRef = 292712F02CCD5CBB0088AA40 /* Delivery.swift */; };
		292713132CCD5CBB0088AA40 /* MirroredTimerWorking.swift in Sources */ = {isa = PBXBuildFile; fileRef = 292712FC2CCD5CBB0088AA40 /* MirroredTimerWorking.swift */; };
		292713142CCD5CBB0088AA40 /* AudioManager.swift in Sources */ = {isa = PBXBuildFile; fileRef = 292712F72CCD5CBB0088AA40 /* AudioManager.swift */; };
		292713152CCD5CBB0088AA40 /* HeartZoneView.swift in Sources */ = {isa = PBXBuildFile; fileRef = 2927130A2CCD5CBB0088AA40 /* HeartZoneView.swift */; };
		292713162CCD5CBB0088AA40 /* MirroredTimerCountdown.swift in Sources */ = {isa = PBXBuildFile; fileRef = 292712FB2CCD5CBB0088AA40 /* MirroredTimerCountdown.swift */; };
		292713172CCD5CBB0088AA40 /* HealthkitManager.swift in Sources */ = {isa = PBXBuildFile; fileRef = 292712F52CCD5CBB0088AA40 /* HealthkitManager.swift */; };
		292713182CCD5CBB0088AA40 /* ConnectivityMessage.swift in Sources */ = {isa = PBXBuildFile; fileRef = 292712FE2CCD5CBB0088AA40 /* ConnectivityMessage.swift */; };
		292713192CCD5CBB0088AA40 /* HeartZoneCalculator.swift in Sources */ = {isa = PBXBuildFile; fileRef = 292712FF2CCD5CBB0088AA40 /* HeartZoneCalculator.swift */; };
		2927131A2CCD5CBB0088AA40 /* ButtonAW.swift in Sources */ = {isa = PBXBuildFile; fileRef = 292713082CCD5CBB0088AA40 /* ButtonAW.swift */; };
		2927131B2CCD5CBB0088AA40 /* LocalLogger.swift in Sources */ = {isa = PBXBuildFile; fileRef = 292712F42CCD5CBB0088AA40 /* LocalLogger.swift */; };
		2927131C2CCD5CBB0088AA40 /* ConnectivityUserInfoKey.swift in Sources */ = {isa = PBXBuildFile; fileRef = 292712EF2CCD5CBB0088AA40 /* ConnectivityUserInfoKey.swift */; };
		2927131D2CCD5CBB0088AA40 /* TimerSelectionView.swift in Sources */ = {isa = PBXBuildFile; fileRef = 2927130B2CCD5CBB0088AA40 /* TimerSelectionView.swift */; };
		2927131E2CCD5CBB0088AA40 /* AppGroupStore.swift in Sources */ = {isa = PBXBuildFile; fileRef = 292712F62CCD5CBB0088AA40 /* AppGroupStore.swift */; };
		2927131F2CCD5CBB0088AA40 /* TimerStore.swift in Sources */ = {isa = PBXBuildFile; fileRef = 292713072CCD5CBB0088AA40 /* TimerStore.swift */; };
		292713202CCD5CBB0088AA40 /* ArrayExtension.swift in Sources */ = {isa = PBXBuildFile; fileRef = 292712F22CCD5CBB0088AA40 /* ArrayExtension.swift */; };
		292713212CCD5CBB0088AA40 /* DictionaryExtension.swift in Sources */ = {isa = PBXBuildFile; fileRef = 292712F12CCD5CBB0088AA40 /* DictionaryExtension.swift */; };
		292713222CCD5CBB0088AA40 /* ColorsAndFonts.swift in Sources */ = {isa = PBXBuildFile; fileRef = 292713052CCD5CBB0088AA40 /* ColorsAndFonts.swift */; };
		292713232CCD5CBB0088AA40 /* CustomTimer.swift in Sources */ = {isa = PBXBuildFile; fileRef = 292712F92CCD5CBB0088AA40 /* CustomTimer.swift */; };
		292713242CCD5CBB0088AA40 /* MirroredTimerFinished.swift in Sources */ = {isa = PBXBuildFile; fileRef = 292712FD2CCD5CBB0088AA40 /* MirroredTimerFinished.swift */; };
		292713942CCD5FBD0088AA40 /* EMOMViewModelState.swift in Sources */ = {isa = PBXBuildFile; fileRef = 292713932CCD5FBD0088AA40 /* EMOMViewModelState.swift */; };
		292713952CCD5FC50088AA40 /* EMOMViewModelState.swift in Sources */ = {isa = PBXBuildFile; fileRef = 292713932CCD5FBD0088AA40 /* EMOMViewModelState.swift */; };
		2927139B2CCD60540088AA40 /* HapticManager.swift in Sources */ = {isa = PBXBuildFile; fileRef = 292713982CCD60540088AA40 /* HapticManager.swift */; };
		2927139C2CCD60540088AA40 /* HealthkitManagerAW.swift in Sources */ = {isa = PBXBuildFile; fileRef = 292713992CCD60540088AA40 /* HealthkitManagerAW.swift */; };
		292713A22CCD60780088AA40 /* start.mp3 in Resources */ = {isa = PBXBuildFile; fileRef = 2927139F2CCD60780088AA40 /* start.mp3 */; };
		292713A32CCD60780088AA40 /* finish.mp3 in Resources */ = {isa = PBXBuildFile; fileRef = 2927139D2CCD60780088AA40 /* finish.mp3 */; };
		292713A42CCD60780088AA40 /* work.mp3 in Resources */ = {isa = PBXBuildFile; fileRef = 292713A02CCD60780088AA40 /* work.mp3 */; };
		292713A52CCD60780088AA40 /* rest.mp3 in Resources */ = {isa = PBXBuildFile; fileRef = 2927139E2CCD60780088AA40 /* rest.mp3 */; };
		292713BD2CCD60AC0088AA40 /* CreateCustomTimerView.swift in Sources */ = {isa = PBXBuildFile; fileRef = 292713AA2CCD60AC0088AA40 /* CreateCustomTimerView.swift */; };
		292713BE2CCD60AC0088AA40 /* AgeStepViewModel.swift in Sources */ = {isa = PBXBuildFile; fileRef = 292713A72CCD60AC0088AA40 /* AgeStepViewModel.swift */; };
		292713C02CCD60AC0088AA40 /* EMOMViewModel.swift in Sources */ = {isa = PBXBuildFile; fileRef = 292713B12CCD60AC0088AA40 /* EMOMViewModel.swift */; };
		292713C12CCD60AC0088AA40 /* VibrationView.swift in Sources */ = {isa = PBXBuildFile; fileRef = 292713BB2CCD60AC0088AA40 /* VibrationView.swift */; };
		292713C22CCD60AC0088AA40 /* RoundsStepView.swift in Sources */ = {isa = PBXBuildFile; fileRef = 292713AD2CCD60AC0088AA40 /* RoundsStepView.swift */; };
		292713C32CCD60AC0088AA40 /* EMOM_timersApp.swift in Sources */ = {isa = PBXBuildFile; fileRef = 292713A92CCD60AC0088AA40 /* EMOM_timersApp.swift */; };
		292713C42CCD60AC0088AA40 /* TimerPickerStepView.swift in Sources */ = {isa = PBXBuildFile; fileRef = 292713AE2CCD60AC0088AA40 /* TimerPickerStepView.swift */; };
		292713C62CCD60AC0088AA40 /* CreateCustomTimerViewModel.swift in Sources */ = {isa = PBXBuildFile; fileRef = 292713AC2CCD60AC0088AA40 /* CreateCustomTimerViewModel.swift */; };
		292713C82CCD60AC0088AA40 /* AgeStepView.swift in Sources */ = {isa = PBXBuildFile; fileRef = 292713A62CCD60AC0088AA40 /* AgeStepView.swift */; };
		292713C92CCD60AC0088AA40 /* FirstViewInFlow.swift in Sources */ = {isa = PBXBuildFile; fileRef = 292713AB2CCD60AC0088AA40 /* FirstViewInFlow.swift */; };
		292713CA2CCD60AC0088AA40 /* EMOMView.swift in Sources */ = {isa = PBXBuildFile; fileRef = 292713B02CCD60AC0088AA40 /* EMOMView.swift */; };
		292713CB2CCD60AC0088AA40 /* UpTimerViewModel.swift in Sources */ = {isa = PBXBuildFile; fileRef = 292713B82CCD60AC0088AA40 /* UpTimerViewModel.swift */; };
		292713CC2CCD60AC0088AA40 /* TimersSelectionView.swift in Sources */ = {isa = PBXBuildFile; fileRef = 292713B62CCD60AC0088AA40 /* TimersSelectionView.swift */; };
		292713CD2CCD613E0088AA40 /* Connectivity.swift in Sources */ = {isa = PBXBuildFile; fileRef = 292712EE2CCD5CBB0088AA40 /* Connectivity.swift */; };
		292713CE2CCD613E0088AA40 /* ConnectivityUserInfoKey.swift in Sources */ = {isa = PBXBuildFile; fileRef = 292712EF2CCD5CBB0088AA40 /* ConnectivityUserInfoKey.swift */; };
		292713CF2CCD613E0088AA40 /* Delivery.swift in Sources */ = {isa = PBXBuildFile; fileRef = 292712F02CCD5CBB0088AA40 /* Delivery.swift */; };
		292713D02CCD61420088AA40 /* LocalLogger.swift in Sources */ = {isa = PBXBuildFile; fileRef = 292712F42CCD5CBB0088AA40 /* LocalLogger.swift */; };
		292713D12CCD616A0088AA40 /* MirroredTimerFinished.swift in Sources */ = {isa = PBXBuildFile; fileRef = 292712FD2CCD5CBB0088AA40 /* MirroredTimerFinished.swift */; };
		292713D22CCD616A0088AA40 /* TimerStore.swift in Sources */ = {isa = PBXBuildFile; fileRef = 292713072CCD5CBB0088AA40 /* TimerStore.swift */; };
		292713D32CCD616A0088AA40 /* HeartZoneCalculator.swift in Sources */ = {isa = PBXBuildFile; fileRef = 292712FF2CCD5CBB0088AA40 /* HeartZoneCalculator.swift */; };
		292713D42CCD616A0088AA40 /* HeartZoneView.swift in Sources */ = {isa = PBXBuildFile; fileRef = 2927130A2CCD5CBB0088AA40 /* HeartZoneView.swift */; };
		292713D52CCD616A0088AA40 /* MirroredTimerWorking.swift in Sources */ = {isa = PBXBuildFile; fileRef = 292712FC2CCD5CBB0088AA40 /* MirroredTimerWorking.swift */; };
		292713D62CCD616A0088AA40 /* ConnectivityMessage.swift in Sources */ = {isa = PBXBuildFile; fileRef = 292712FE2CCD5CBB0088AA40 /* ConnectivityMessage.swift */; };
		292713D72CCD616A0088AA40 /* AudioManager.swift in Sources */ = {isa = PBXBuildFile; fileRef = 292712F72CCD5CBB0088AA40 /* AudioManager.swift */; };
		292713D82CCD616A0088AA40 /* MirroredTimerCountdown.swift in Sources */ = {isa = PBXBuildFile; fileRef = 292712FB2CCD5CBB0088AA40 /* MirroredTimerCountdown.swift */; };
		292713D92CCD616A0088AA40 /* TimerSelectionView.swift in Sources */ = {isa = PBXBuildFile; fileRef = 2927130B2CCD5CBB0088AA40 /* TimerSelectionView.swift */; };
		292713DA2CCD616A0088AA40 /* ButtonAW.swift in Sources */ = {isa = PBXBuildFile; fileRef = 292713082CCD5CBB0088AA40 /* ButtonAW.swift */; };
		292713DB2CCD616A0088AA40 /* MirroredTimer.swift in Sources */ = {isa = PBXBuildFile; fileRef = 292712FA2CCD5CBB0088AA40 /* MirroredTimer.swift */; };
		292713DC2CCD616A0088AA40 /* CustomTimer.swift in Sources */ = {isa = PBXBuildFile; fileRef = 292712F92CCD5CBB0088AA40 /* CustomTimer.swift */; };
		292713DD2CCD616A0088AA40 /* AppGroupStore.swift in Sources */ = {isa = PBXBuildFile; fileRef = 292712F62CCD5CBB0088AA40 /* AppGroupStore.swift */; };
		292713DE2CCD616A0088AA40 /* HealthkitManager.swift in Sources */ = {isa = PBXBuildFile; fileRef = 292712F52CCD5CBB0088AA40 /* HealthkitManager.swift */; };
		292713DF2CCD616A0088AA40 /* Localizable.xcstrings in Resources */ = {isa = PBXBuildFile; fileRef = 292713012CCD5CBB0088AA40 /* Localizable.xcstrings */; };
		292713E02CCD62230088AA40 /* Assets.xcassets in Resources */ = {isa = PBXBuildFile; fileRef = 292713042CCD5CBB0088AA40 /* Assets.xcassets */; };
		292713E12CCD62560088AA40 /* ColorsAndFonts.swift in Sources */ = {isa = PBXBuildFile; fileRef = 292713052CCD5CBB0088AA40 /* ColorsAndFonts.swift */; };
		292713E22CCD62BA0088AA40 /* DictionaryExtension.swift in Sources */ = {isa = PBXBuildFile; fileRef = 292712F12CCD5CBB0088AA40 /* DictionaryExtension.swift */; };
		292713E32CCD62BA0088AA40 /* ArrayExtension.swift in Sources */ = {isa = PBXBuildFile; fileRef = 292712F22CCD5CBB0088AA40 /* ArrayExtension.swift */; };
		292713E42CCD62FA0088AA40 /* Assets.xcassets in Resources */ = {isa = PBXBuildFile; fileRef = 2927129D2CCD528E0088AA40 /* Assets.xcassets */; };
		2927140B2CCD63C10088AA40 /* GoogleService-Info.plist in Resources */ = {isa = PBXBuildFile; fileRef = 292713E82CCD63C10088AA40 /* GoogleService-Info.plist */; };
		2927140C2CCD63C10088AA40 /* EMOMView.swift in Sources */ = {isa = PBXBuildFile; fileRef = 292714002CCD63C10088AA40 /* EMOMView.swift */; };
		2927140D2CCD63C10088AA40 /* EMOMViewModel.swift in Sources */ = {isa = PBXBuildFile; fileRef = 292714012CCD63C10088AA40 /* EMOMViewModel.swift */; };
		2927140E2CCD63C10088AA40 /* buttonStyle.swift in Sources */ = {isa = PBXBuildFile; fileRef = 292713EE2CCD63C10088AA40 /* buttonStyle.swift */; };
		2927140F2CCD63C10088AA40 /* Slide.swift in Sources */ = {isa = PBXBuildFile; fileRef = 292713F52CCD63C10088AA40 /* Slide.swift */; };
		292714102CCD63C10088AA40 /* MainView.swift in Sources */ = {isa = PBXBuildFile; fileRef = 292713FD2CCD63C10088AA40 /* MainView.swift */; };
		292714112CCD63C10088AA40 /* CreateCustomTimerContinueButton.swift in Sources */ = {isa = PBXBuildFile; fileRef = 292714042CCD63C10088AA40 /* CreateCustomTimerContinueButton.swift */; };
		292714122CCD63C10088AA40 /* IntroView.swift in Sources */ = {isa = PBXBuildFile; fileRef = 292713F92CCD63C10088AA40 /* IntroView.swift */; };
		292714132CCD63C10088AA40 /* Image.swift in Sources */ = {isa = PBXBuildFile; fileRef = 292713F32CCD63C10088AA40 /* Image.swift */; };
		292714142CCD63C10088AA40 /* CreateCustomTimerPickerView.swift in Sources */ = {isa = PBXBuildFile; fileRef = 292714062CCD63C10088AA40 /* CreateCustomTimerPickerView.swift */; };
		292714152CCD63C10088AA40 /* EMOMTimerView.swift in Sources */ = {isa = PBXBuildFile; fileRef = 292713F82CCD63C10088AA40 /* EMOMTimerView.swift */; };
		292714162CCD63C10088AA40 /* HelpView.swift in Sources */ = {isa = PBXBuildFile; fileRef = 292713F72CCD63C10088AA40 /* HelpView.swift */; };
		292714172CCD63C10088AA40 /* CreateCustomTimerView.swift in Sources */ = {isa = PBXBuildFile; fileRef = 292714032CCD63C10088AA40 /* CreateCustomTimerView.swift */; };
		292714182CCD63C10088AA40 /* OrientationManager.swift in Sources */ = {isa = PBXBuildFile; fileRef = 292713EB2CCD63C10088AA40 /* OrientationManager.swift */; };
		292714192CCD63C10088AA40 /* CreateCustomTimerViewModel.swift in Sources */ = {isa = PBXBuildFile; fileRef = 292714052CCD63C10088AA40 /* CreateCustomTimerViewModel.swift */; };
		2927141A2CCD63C10088AA40 /* ApplicationManager.swift in Sources */ = {isa = PBXBuildFile; fileRef = 292713EC2CCD63C10088AA40 /* ApplicationManager.swift */; };
		2927141B2CCD63C10088AA40 /* TimersSelectionView.swift in Sources */ = {isa = PBXBuildFile; fileRef = 292713FF2CCD63C10088AA40 /* TimersSelectionView.swift */; };
		2927141C2CCD63C10088AA40 /* ReceivedWatchOSMessagesView.swift in Sources */ = {isa = PBXBuildFile; fileRef = 292713FB2CCD63C10088AA40 /* ReceivedWatchOSMessagesView.swift */; };
		2927141D2CCD63C10088AA40 /* LocalPersitenceManager.swift in Sources */ = {isa = PBXBuildFile; fileRef = 292713EA2CCD63C10088AA40 /* LocalPersitenceManager.swift */; };
		2927141E2CCD63C10088AA40 /* TrackingsManager.swift in Sources */ = {isa = PBXBuildFile; fileRef = 292713E92CCD63C10088AA40 /* TrackingsManager.swift */; };
		2927141F2CCD63C10088AA40 /* SplashScreenView.swift in Sources */ = {isa = PBXBuildFile; fileRef = 292713FE2CCD63C10088AA40 /* SplashScreenView.swift */; };
		292714202CCD63C10088AA40 /* TimerUpView.swift in Sources */ = {isa = PBXBuildFile; fileRef = 292713FA2CCD63C10088AA40 /* TimerUpView.swift */; };
		292714212CCD63C10088AA40 /* ParagraphImageView.swift in Sources */ = {isa = PBXBuildFile; fileRef = 292713F02CCD63C10088AA40 /* ParagraphImageView.swift */; };
		292714222CCD63C10088AA40 /* DismissButton.swift in Sources */ = {isa = PBXBuildFile; fileRef = 292713F12CCD63C10088AA40 /* DismissButton.swift */; };
		292714232CCD63C10088AA40 /* CreateCustomTimerMMSSPickerView.swift in Sources */ = {isa = PBXBuildFile; fileRef = 292714072CCD63C10088AA40 /* CreateCustomTimerMMSSPickerView.swift */; };
		2927143C2CCD63C10088AA40 /* GoogleService-Info.plist in Resources */ = {isa = PBXBuildFile; fileRef = 292713E82CCD63C10088AA40 /* GoogleService-Info.plist */; };
		2927143E2CCD65050088AA40 /* EMOM_timersApp.swift in Sources */ = {isa = PBXBuildFile; fileRef = 2927143D2CCD65050088AA40 /* EMOM_timersApp.swift */; };
		292714422CCD71B40088AA40 /* rest.mp3 in Resources */ = {isa = PBXBuildFile; fileRef = 2927139E2CCD60780088AA40 /* rest.mp3 */; };
		292714432CCD71B40088AA40 /* finish.mp3 in Resources */ = {isa = PBXBuildFile; fileRef = 2927139D2CCD60780088AA40 /* finish.mp3 */; };
		292714442CCD71B40088AA40 /* work.mp3 in Resources */ = {isa = PBXBuildFile; fileRef = 292713A02CCD60780088AA40 /* work.mp3 */; };
		292714452CCD71B40088AA40 /* start.mp3 in Resources */ = {isa = PBXBuildFile; fileRef = 2927139F2CCD60780088AA40 /* start.mp3 */; };
		297A76682CCD2F3600939DB4 /* EMOM timers Watch App.app in Embed Watch Content */ = {isa = PBXBuildFile; fileRef = 297A76672CCD2F3600939DB4 /* EMOM timers Watch App.app */; settings = {ATTRIBUTES = (RemoveHeadersOnCopy, ); }; };
		29AA13832CD27848009FA18C /* EMOM timers Watch App.xctestplan in Resources */ = {isa = PBXBuildFile; fileRef = 29AA13822CD27848009FA18C /* EMOM timers Watch App.xctestplan */; };
		29EAFC752CD2B55C00921B78 /* EMOMTimersWatchAppTests.swift in Sources */ = {isa = PBXBuildFile; fileRef = 29EAFC742CD2B55C00921B78 /* EMOMTimersWatchAppTests.swift */; };
		29EAFC812CD3D7A800921B78 /* CreateCustomTimerViewModelUT.swift in Sources */ = {isa = PBXBuildFile; fileRef = 29EAFC802CD3D7A800921B78 /* CreateCustomTimerViewModelUT.swift */; };
		5ADD23C22DC8FE43000364E5 /* CreateCustomTimerWorkRestToggleView.swift in Sources */ = {isa = PBXBuildFile; fileRef = 5ADD23C12DC8FE43000364E5 /* CreateCustomTimerWorkRestToggleView.swift */; };
		5ADD23C72DC9069A000364E5 /* UpTimerViewModel.swift in Sources */ = {isa = PBXBuildFile; fileRef = 5ADD23C52DC9069A000364E5 /* UpTimerViewModel.swift */; };
		5ADD23C82DC9069A000364E5 /* UpTimerView.swift in Sources */ = {isa = PBXBuildFile; fileRef = 5ADD23C42DC9069A000364E5 /* UpTimerView.swift */; };
/* End PBXBuildFile section */

/* Begin PBXContainerItemProxy section */
		297A76692CCD2F3600939DB4 /* PBXContainerItemProxy */ = {
			isa = PBXContainerItemProxy;
			containerPortal = 297A76392CCD2F3400939DB4 /* Project object */;
			proxyType = 1;
			remoteGlobalIDString = 297A76662CCD2F3600939DB4;
			remoteInfo = "EMOM timers Watch App";
		};
		29AA13692CD26EEC009FA18C /* PBXContainerItemProxy */ = {
			isa = PBXContainerItemProxy;
			containerPortal = 297A76392CCD2F3400939DB4 /* Project object */;
			proxyType = 1;
			remoteGlobalIDString = 297A76662CCD2F3600939DB4;
			remoteInfo = "EMOM timers Watch App";
		};
		29AA137A2CD2723F009FA18C /* PBXContainerItemProxy */ = {
			isa = PBXContainerItemProxy;
			containerPortal = 297A76392CCD2F3400939DB4 /* Project object */;
			proxyType = 1;
			remoteGlobalIDString = 297A76402CCD2F3400939DB4;
			remoteInfo = "EMOM timers";
		};
/* End PBXContainerItemProxy section */

/* Begin PBXCopyFilesBuildPhase section */
		297A76902CCD2F3700939DB4 /* Embed Watch Content */ = {
			isa = PBXCopyFilesBuildPhase;
			buildActionMask = 2147483647;
			dstPath = "$(CONTENTS_FOLDER_PATH)/Watch";
			dstSubfolderSpec = 16;
			files = (
				297A76682CCD2F3600939DB4 /* EMOM timers Watch App.app in Embed Watch Content */,
			);
			name = "Embed Watch Content";
			runOnlyForDeploymentPostprocessing = 0;
		};
/* End PBXCopyFilesBuildPhase section */

/* Begin PBXFileReference section */
		292712822CCD346E0088AA40 /* Settings.bundle */ = {isa = PBXFileReference; lastKnownFileType = "wrapper.plug-in"; path = Settings.bundle; sourceTree = "<group>"; };
		292712922CCD44170088AA40 /* EMOM-timers-Watch-App-Info.plist */ = {isa = PBXFileReference; lastKnownFileType = text.plist.xml; path = "EMOM-timers-Watch-App-Info.plist"; sourceTree = "<group>"; };
		2927129D2CCD528E0088AA40 /* Assets.xcassets */ = {isa = PBXFileReference; lastKnownFileType = folder.assetcatalog; path = Assets.xcassets; sourceTree = "<group>"; };
		2927129F2CCD528E0088AA40 /* EMOM timers.entitlements */ = {isa = PBXFileReference; lastKnownFileType = text.plist.entitlements; path = "EMOM timers.entitlements"; sourceTree = "<group>"; };
		292712A12CCD528E0088AA40 /* EMOM-timers-Info.plist */ = {isa = PBXFileReference; lastKnownFileType = text.plist.xml; path = "EMOM-timers-Info.plist"; sourceTree = "<group>"; };
		292712B02CCD528E0088AA40 /* Preview Assets.xcassets */ = {isa = PBXFileReference; lastKnownFileType = folder.assetcatalog; path = "Preview Assets.xcassets"; sourceTree = "<group>"; };
		292712B22CCD528E0088AA40 /* Assets.xcassets */ = {isa = PBXFileReference; lastKnownFileType = folder.assetcatalog; path = Assets.xcassets; sourceTree = "<group>"; };
		292712B42CCD528E0088AA40 /* EMOM timers Watch App.entitlements */ = {isa = PBXFileReference; lastKnownFileType = text.plist.entitlements; path = "EMOM timers Watch App.entitlements"; sourceTree = "<group>"; };
		292712EE2CCD5CBB0088AA40 /* Connectivity.swift */ = {isa = PBXFileReference; lastKnownFileType = sourcecode.swift; path = Connectivity.swift; sourceTree = "<group>"; };
		292712EF2CCD5CBB0088AA40 /* ConnectivityUserInfoKey.swift */ = {isa = PBXFileReference; lastKnownFileType = sourcecode.swift; path = ConnectivityUserInfoKey.swift; sourceTree = "<group>"; };
		292712F02CCD5CBB0088AA40 /* Delivery.swift */ = {isa = PBXFileReference; lastKnownFileType = sourcecode.swift; path = Delivery.swift; sourceTree = "<group>"; };
		292712F12CCD5CBB0088AA40 /* DictionaryExtension.swift */ = {isa = PBXFileReference; lastKnownFileType = sourcecode.swift; path = DictionaryExtension.swift; sourceTree = "<group>"; };
		292712F22CCD5CBB0088AA40 /* ArrayExtension.swift */ = {isa = PBXFileReference; lastKnownFileType = sourcecode.swift; path = ArrayExtension.swift; sourceTree = "<group>"; };
		292712F42CCD5CBB0088AA40 /* LocalLogger.swift */ = {isa = PBXFileReference; lastKnownFileType = sourcecode.swift; path = LocalLogger.swift; sourceTree = "<group>"; };
		292712F52CCD5CBB0088AA40 /* HealthkitManager.swift */ = {isa = PBXFileReference; lastKnownFileType = sourcecode.swift; path = HealthkitManager.swift; sourceTree = "<group>"; };
		292712F62CCD5CBB0088AA40 /* AppGroupStore.swift */ = {isa = PBXFileReference; lastKnownFileType = sourcecode.swift; path = AppGroupStore.swift; sourceTree = "<group>"; };
		292712F72CCD5CBB0088AA40 /* AudioManager.swift */ = {isa = PBXFileReference; lastKnownFileType = sourcecode.swift; path = AudioManager.swift; sourceTree = "<group>"; };
		292712F92CCD5CBB0088AA40 /* CustomTimer.swift */ = {isa = PBXFileReference; lastKnownFileType = sourcecode.swift; path = CustomTimer.swift; sourceTree = "<group>"; };
		292712FA2CCD5CBB0088AA40 /* MirroredTimer.swift */ = {isa = PBXFileReference; lastKnownFileType = sourcecode.swift; path = MirroredTimer.swift; sourceTree = "<group>"; };
		292712FB2CCD5CBB0088AA40 /* MirroredTimerCountdown.swift */ = {isa = PBXFileReference; lastKnownFileType = sourcecode.swift; path = MirroredTimerCountdown.swift; sourceTree = "<group>"; };
		292712FC2CCD5CBB0088AA40 /* MirroredTimerWorking.swift */ = {isa = PBXFileReference; lastKnownFileType = sourcecode.swift; path = MirroredTimerWorking.swift; sourceTree = "<group>"; };
		292712FD2CCD5CBB0088AA40 /* MirroredTimerFinished.swift */ = {isa = PBXFileReference; lastKnownFileType = sourcecode.swift; path = MirroredTimerFinished.swift; sourceTree = "<group>"; };
		292712FE2CCD5CBB0088AA40 /* ConnectivityMessage.swift */ = {isa = PBXFileReference; lastKnownFileType = sourcecode.swift; path = ConnectivityMessage.swift; sourceTree = "<group>"; };
		292712FF2CCD5CBB0088AA40 /* HeartZoneCalculator.swift */ = {isa = PBXFileReference; lastKnownFileType = sourcecode.swift; path = HeartZoneCalculator.swift; sourceTree = "<group>"; };
		292713012CCD5CBB0088AA40 /* Localizable.xcstrings */ = {isa = PBXFileReference; lastKnownFileType = text.json.xcstrings; path = Localizable.xcstrings; sourceTree = "<group>"; };
		292713042CCD5CBB0088AA40 /* Assets.xcassets */ = {isa = PBXFileReference; lastKnownFileType = folder.assetcatalog; path = Assets.xcassets; sourceTree = "<group>"; };
		292713052CCD5CBB0088AA40 /* ColorsAndFonts.swift */ = {isa = PBXFileReference; lastKnownFileType = sourcecode.swift; path = ColorsAndFonts.swift; sourceTree = "<group>"; };
		292713072CCD5CBB0088AA40 /* TimerStore.swift */ = {isa = PBXFileReference; lastKnownFileType = sourcecode.swift; path = TimerStore.swift; sourceTree = "<group>"; };
		292713082CCD5CBB0088AA40 /* ButtonAW.swift */ = {isa = PBXFileReference; lastKnownFileType = sourcecode.swift; path = ButtonAW.swift; sourceTree = "<group>"; };
		2927130A2CCD5CBB0088AA40 /* HeartZoneView.swift */ = {isa = PBXFileReference; lastKnownFileType = sourcecode.swift; path = HeartZoneView.swift; sourceTree = "<group>"; };
		2927130B2CCD5CBB0088AA40 /* TimerSelectionView.swift */ = {isa = PBXFileReference; lastKnownFileType = sourcecode.swift; path = TimerSelectionView.swift; sourceTree = "<group>"; };
		292713932CCD5FBD0088AA40 /* EMOMViewModelState.swift */ = {isa = PBXFileReference; lastKnownFileType = sourcecode.swift; path = EMOMViewModelState.swift; sourceTree = "<group>"; };
		292713982CCD60540088AA40 /* HapticManager.swift */ = {isa = PBXFileReference; lastKnownFileType = sourcecode.swift; path = HapticManager.swift; sourceTree = "<group>"; };
		292713992CCD60540088AA40 /* HealthkitManagerAW.swift */ = {isa = PBXFileReference; lastKnownFileType = sourcecode.swift; path = HealthkitManagerAW.swift; sourceTree = "<group>"; };
		2927139D2CCD60780088AA40 /* finish.mp3 */ = {isa = PBXFileReference; lastKnownFileType = audio.mp3; path = finish.mp3; sourceTree = "<group>"; };
		2927139E2CCD60780088AA40 /* rest.mp3 */ = {isa = PBXFileReference; lastKnownFileType = audio.mp3; path = rest.mp3; sourceTree = "<group>"; };
		2927139F2CCD60780088AA40 /* start.mp3 */ = {isa = PBXFileReference; lastKnownFileType = audio.mp3; path = start.mp3; sourceTree = "<group>"; };
		292713A02CCD60780088AA40 /* work.mp3 */ = {isa = PBXFileReference; lastKnownFileType = audio.mp3; path = work.mp3; sourceTree = "<group>"; };
		292713A62CCD60AC0088AA40 /* AgeStepView.swift */ = {isa = PBXFileReference; lastKnownFileType = sourcecode.swift; path = AgeStepView.swift; sourceTree = "<group>"; };
		292713A72CCD60AC0088AA40 /* AgeStepViewModel.swift */ = {isa = PBXFileReference; lastKnownFileType = sourcecode.swift; path = AgeStepViewModel.swift; sourceTree = "<group>"; };
		292713A92CCD60AC0088AA40 /* EMOM_timersApp.swift */ = {isa = PBXFileReference; lastKnownFileType = sourcecode.swift; path = EMOM_timersApp.swift; sourceTree = "<group>"; };
		292713AA2CCD60AC0088AA40 /* CreateCustomTimerView.swift */ = {isa = PBXFileReference; lastKnownFileType = sourcecode.swift; path = CreateCustomTimerView.swift; sourceTree = "<group>"; };
		292713AB2CCD60AC0088AA40 /* FirstViewInFlow.swift */ = {isa = PBXFileReference; lastKnownFileType = sourcecode.swift; path = FirstViewInFlow.swift; sourceTree = "<group>"; };
		292713AC2CCD60AC0088AA40 /* CreateCustomTimerViewModel.swift */ = {isa = PBXFileReference; lastKnownFileType = sourcecode.swift; path = CreateCustomTimerViewModel.swift; sourceTree = "<group>"; };
		292713AD2CCD60AC0088AA40 /* RoundsStepView.swift */ = {isa = PBXFileReference; lastKnownFileType = sourcecode.swift; path = RoundsStepView.swift; sourceTree = "<group>"; };
		292713AE2CCD60AC0088AA40 /* TimerPickerStepView.swift */ = {isa = PBXFileReference; lastKnownFileType = sourcecode.swift; path = TimerPickerStepView.swift; sourceTree = "<group>"; };
		292713B02CCD60AC0088AA40 /* EMOMView.swift */ = {isa = PBXFileReference; lastKnownFileType = sourcecode.swift; path = EMOMView.swift; sourceTree = "<group>"; };
		292713B12CCD60AC0088AA40 /* EMOMViewModel.swift */ = {isa = PBXFileReference; lastKnownFileType = sourcecode.swift; path = EMOMViewModel.swift; sourceTree = "<group>"; };
		292713B62CCD60AC0088AA40 /* TimersSelectionView.swift */ = {isa = PBXFileReference; lastKnownFileType = sourcecode.swift; path = TimersSelectionView.swift; sourceTree = "<group>"; };
		292713B82CCD60AC0088AA40 /* UpTimerViewModel.swift */ = {isa = PBXFileReference; lastKnownFileType = sourcecode.swift; path = UpTimerViewModel.swift; sourceTree = "<group>"; };
		292713BB2CCD60AC0088AA40 /* VibrationView.swift */ = {isa = PBXFileReference; lastKnownFileType = sourcecode.swift; path = VibrationView.swift; sourceTree = "<group>"; };
		292713E82CCD63C10088AA40 /* GoogleService-Info.plist */ = {isa = PBXFileReference; lastKnownFileType = text.plist.xml; path = "GoogleService-Info.plist"; sourceTree = "<group>"; };
		292713E92CCD63C10088AA40 /* TrackingsManager.swift */ = {isa = PBXFileReference; lastKnownFileType = sourcecode.swift; path = TrackingsManager.swift; sourceTree = "<group>"; };
		292713EA2CCD63C10088AA40 /* LocalPersitenceManager.swift */ = {isa = PBXFileReference; lastKnownFileType = sourcecode.swift; path = LocalPersitenceManager.swift; sourceTree = "<group>"; };
		292713EB2CCD63C10088AA40 /* OrientationManager.swift */ = {isa = PBXFileReference; lastKnownFileType = sourcecode.swift; path = OrientationManager.swift; sourceTree = "<group>"; };
		292713EC2CCD63C10088AA40 /* ApplicationManager.swift */ = {isa = PBXFileReference; lastKnownFileType = sourcecode.swift; path = ApplicationManager.swift; sourceTree = "<group>"; };
		292713EE2CCD63C10088AA40 /* buttonStyle.swift */ = {isa = PBXFileReference; lastKnownFileType = sourcecode.swift; path = buttonStyle.swift; sourceTree = "<group>"; };
		292713F02CCD63C10088AA40 /* ParagraphImageView.swift */ = {isa = PBXFileReference; lastKnownFileType = sourcecode.swift; path = ParagraphImageView.swift; sourceTree = "<group>"; };
		292713F12CCD63C10088AA40 /* DismissButton.swift */ = {isa = PBXFileReference; lastKnownFileType = sourcecode.swift; path = DismissButton.swift; sourceTree = "<group>"; };
		292713F32CCD63C10088AA40 /* Image.swift */ = {isa = PBXFileReference; lastKnownFileType = sourcecode.swift; path = Image.swift; sourceTree = "<group>"; };
		292713F52CCD63C10088AA40 /* Slide.swift */ = {isa = PBXFileReference; lastKnownFileType = sourcecode.swift; path = Slide.swift; sourceTree = "<group>"; };
		292713F72CCD63C10088AA40 /* HelpView.swift */ = {isa = PBXFileReference; lastKnownFileType = sourcecode.swift; path = HelpView.swift; sourceTree = "<group>"; };
		292713F82CCD63C10088AA40 /* EMOMTimerView.swift */ = {isa = PBXFileReference; lastKnownFileType = sourcecode.swift; path = EMOMTimerView.swift; sourceTree = "<group>"; };
		292713F92CCD63C10088AA40 /* IntroView.swift */ = {isa = PBXFileReference; lastKnownFileType = sourcecode.swift; path = IntroView.swift; sourceTree = "<group>"; };
		292713FA2CCD63C10088AA40 /* TimerUpView.swift */ = {isa = PBXFileReference; lastKnownFileType = sourcecode.swift; path = TimerUpView.swift; sourceTree = "<group>"; };
		292713FB2CCD63C10088AA40 /* ReceivedWatchOSMessagesView.swift */ = {isa = PBXFileReference; lastKnownFileType = sourcecode.swift; path = ReceivedWatchOSMessagesView.swift; sourceTree = "<group>"; };
		292713FD2CCD63C10088AA40 /* MainView.swift */ = {isa = PBXFileReference; lastKnownFileType = sourcecode.swift; path = MainView.swift; sourceTree = "<group>"; };
		292713FE2CCD63C10088AA40 /* SplashScreenView.swift */ = {isa = PBXFileReference; lastKnownFileType = sourcecode.swift; path = SplashScreenView.swift; sourceTree = "<group>"; };
		292713FF2CCD63C10088AA40 /* TimersSelectionView.swift */ = {isa = PBXFileReference; lastKnownFileType = sourcecode.swift; path = TimersSelectionView.swift; sourceTree = "<group>"; };
		292714002CCD63C10088AA40 /* EMOMView.swift */ = {isa = PBXFileReference; lastKnownFileType = sourcecode.swift; path = EMOMView.swift; sourceTree = "<group>"; };
		292714012CCD63C10088AA40 /* EMOMViewModel.swift */ = {isa = PBXFileReference; lastKnownFileType = sourcecode.swift; path = EMOMViewModel.swift; sourceTree = "<group>"; };
		292714032CCD63C10088AA40 /* CreateCustomTimerView.swift */ = {isa = PBXFileReference; lastKnownFileType = sourcecode.swift; path = CreateCustomTimerView.swift; sourceTree = "<group>"; };
		292714042CCD63C10088AA40 /* CreateCustomTimerContinueButton.swift */ = {isa = PBXFileReference; lastKnownFileType = sourcecode.swift; path = CreateCustomTimerContinueButton.swift; sourceTree = "<group>"; };
		292714052CCD63C10088AA40 /* CreateCustomTimerViewModel.swift */ = {isa = PBXFileReference; lastKnownFileType = sourcecode.swift; path = CreateCustomTimerViewModel.swift; sourceTree = "<group>"; };
		292714062CCD63C10088AA40 /* CreateCustomTimerPickerView.swift */ = {isa = PBXFileReference; lastKnownFileType = sourcecode.swift; path = CreateCustomTimerPickerView.swift; sourceTree = "<group>"; };
		292714072CCD63C10088AA40 /* CreateCustomTimerMMSSPickerView.swift */ = {isa = PBXFileReference; lastKnownFileType = sourcecode.swift; path = CreateCustomTimerMMSSPickerView.swift; sourceTree = "<group>"; };
		2927143D2CCD65050088AA40 /* EMOM_timersApp.swift */ = {isa = PBXFileReference; lastKnownFileType = sourcecode.swift; path = EMOM_timersApp.swift; sourceTree = "<group>"; };
		297A76412CCD2F3400939DB4 /* EMOM timers.app */ = {isa = PBXFileReference; explicitFileType = wrapper.application; includeInIndex = 0; path = "EMOM timers.app"; sourceTree = BUILT_PRODUCTS_DIR; };
		297A76672CCD2F3600939DB4 /* EMOM timers Watch App.app */ = {isa = PBXFileReference; explicitFileType = wrapper.application; includeInIndex = 0; path = "EMOM timers Watch App.app"; sourceTree = BUILT_PRODUCTS_DIR; };
		29AA13652CD26EEC009FA18C /* EMOM timers Watch AppTests.xctest */ = {isa = PBXFileReference; explicitFileType = wrapper.cfbundle; includeInIndex = 0; path = "EMOM timers Watch AppTests.xctest"; sourceTree = BUILT_PRODUCTS_DIR; };
		29AA13762CD2723F009FA18C /* EMOM timers Tests.xctest */ = {isa = PBXFileReference; explicitFileType = wrapper.cfbundle; includeInIndex = 0; path = "EMOM timers Tests.xctest"; sourceTree = BUILT_PRODUCTS_DIR; };
		29AA13812CD27341009FA18C /* EMOM timers.xctestplan */ = {isa = PBXFileReference; lastKnownFileType = text; path = "EMOM timers.xctestplan"; sourceTree = "<group>"; };
		29AA13822CD27848009FA18C /* EMOM timers Watch App.xctestplan */ = {isa = PBXFileReference; lastKnownFileType = text; path = "EMOM timers Watch App.xctestplan"; sourceTree = "<group>"; };
		29EAFC742CD2B55C00921B78 /* EMOMTimersWatchAppTests.swift */ = {isa = PBXFileReference; lastKnownFileType = sourcecode.swift; path = EMOMTimersWatchAppTests.swift; sourceTree = "<group>"; };
		29EAFC802CD3D7A800921B78 /* CreateCustomTimerViewModelUT.swift */ = {isa = PBXFileReference; lastKnownFileType = sourcecode.swift; path = CreateCustomTimerViewModelUT.swift; sourceTree = "<group>"; };
		5ADD23C12DC8FE43000364E5 /* CreateCustomTimerWorkRestToggleView.swift */ = {isa = PBXFileReference; lastKnownFileType = sourcecode.swift; path = CreateCustomTimerWorkRestToggleView.swift; sourceTree = "<group>"; };
		5ADD23C42DC9069A000364E5 /* UpTimerView.swift */ = {isa = PBXFileReference; lastKnownFileType = sourcecode.swift; path = UpTimerView.swift; sourceTree = "<group>"; };
		5ADD23C52DC9069A000364E5 /* UpTimerViewModel.swift */ = {isa = PBXFileReference; lastKnownFileType = sourcecode.swift; path = UpTimerViewModel.swift; sourceTree = "<group>"; };
/* End PBXFileReference section */

/* Begin PBXFileSystemSynchronizedRootGroup section */
		29AA13772CD2723F009FA18C /* EMOM timers Tests */ = {
			isa = PBXFileSystemSynchronizedRootGroup;
			path = "EMOM timers Tests";
			sourceTree = "<group>";
		};
/* End PBXFileSystemSynchronizedRootGroup section */

/* Begin PBXFrameworksBuildPhase section */
		297A763E2CCD2F3400939DB4 /* Frameworks */ = {
			isa = PBXFrameworksBuildPhase;
			buildActionMask = 2147483647;
			files = (
			);
			runOnlyForDeploymentPostprocessing = 0;
		};
		297A76642CCD2F3600939DB4 /* Frameworks */ = {
			isa = PBXFrameworksBuildPhase;
			buildActionMask = 2147483647;
			files = (
			);
			runOnlyForDeploymentPostprocessing = 0;
		};
		29AA13622CD26EEC009FA18C /* Frameworks */ = {
			isa = PBXFrameworksBuildPhase;
			buildActionMask = 2147483647;
			files = (
			);
			runOnlyForDeploymentPostprocessing = 0;
		};
		29AA13732CD2723F009FA18C /* Frameworks */ = {
			isa = PBXFrameworksBuildPhase;
			buildActionMask = 2147483647;
			files = (
			);
			runOnlyForDeploymentPostprocessing = 0;
		};
/* End PBXFrameworksBuildPhase section */

/* Begin PBXGroup section */
		292712F32CCD5CBB0088AA40 /* Extensions */ = {
			isa = PBXGroup;
			children = (
				292712F12CCD5CBB0088AA40 /* DictionaryExtension.swift */,
				292712F22CCD5CBB0088AA40 /* ArrayExtension.swift */,
			);
			path = Extensions;
			sourceTree = "<group>";
		};
		292712F82CCD5CBB0088AA40 /* Managers */ = {
			isa = PBXGroup;
			children = (
				292712F52CCD5CBB0088AA40 /* HealthkitManager.swift */,
				292712F62CCD5CBB0088AA40 /* AppGroupStore.swift */,
				292712F72CCD5CBB0088AA40 /* AudioManager.swift */,
			);
			path = Managers;
			sourceTree = "<group>";
		};
		292713002CCD5CBB0088AA40 /* Model */ = {
			isa = PBXGroup;
			children = (
				292712F92CCD5CBB0088AA40 /* CustomTimer.swift */,
				292712FA2CCD5CBB0088AA40 /* MirroredTimer.swift */,
				292712FB2CCD5CBB0088AA40 /* MirroredTimerCountdown.swift */,
				292712FC2CCD5CBB0088AA40 /* MirroredTimerWorking.swift */,
				292712FD2CCD5CBB0088AA40 /* MirroredTimerFinished.swift */,
				292712FE2CCD5CBB0088AA40 /* ConnectivityMessage.swift */,
				292712FF2CCD5CBB0088AA40 /* HeartZoneCalculator.swift */,
			);
			path = Model;
			sourceTree = "<group>";
		};
		292713022CCD5CBB0088AA40 /* Strings */ = {
			isa = PBXGroup;
			children = (
				292713012CCD5CBB0088AA40 /* Localizable.xcstrings */,
			);
			path = Strings;
			sourceTree = "<group>";
		};
		292713032CCD5CBB0088AA40 /* Resources */ = {
			isa = PBXGroup;
			children = (
				292714412CCD719F0088AA40 /* Audio */,
				292713022CCD5CBB0088AA40 /* Strings */,
			);
			path = Resources;
			sourceTree = "<group>";
		};
		292713062CCD5CBB0088AA40 /* Styles */ = {
			isa = PBXGroup;
			children = (
				292713042CCD5CBB0088AA40 /* Assets.xcassets */,
				292713052CCD5CBB0088AA40 /* ColorsAndFonts.swift */,
			);
			path = Styles;
			sourceTree = "<group>";
		};
		292713092CCD5CBB0088AA40 /* ViewModifier */ = {
			isa = PBXGroup;
			children = (
				292713082CCD5CBB0088AA40 /* ButtonAW.swift */,
			);
			path = ViewModifier;
			sourceTree = "<group>";
		};
		2927130C2CCD5CBB0088AA40 /* Views */ = {
			isa = PBXGroup;
			children = (
				2927130A2CCD5CBB0088AA40 /* HeartZoneView.swift */,
				2927130B2CCD5CBB0088AA40 /* TimerSelectionView.swift */,
			);
			path = Views;
			sourceTree = "<group>";
		};
		2927130D2CCD5CBB0088AA40 /* Shared */ = {
			isa = PBXGroup;
			children = (
				292713932CCD5FBD0088AA40 /* EMOMViewModelState.swift */,
				292712EE2CCD5CBB0088AA40 /* Connectivity.swift */,
				292712EF2CCD5CBB0088AA40 /* ConnectivityUserInfoKey.swift */,
				292712F02CCD5CBB0088AA40 /* Delivery.swift */,
				292712F32CCD5CBB0088AA40 /* Extensions */,
				292712F42CCD5CBB0088AA40 /* LocalLogger.swift */,
				292712F82CCD5CBB0088AA40 /* Managers */,
				292713002CCD5CBB0088AA40 /* Model */,
				292713032CCD5CBB0088AA40 /* Resources */,
				292713062CCD5CBB0088AA40 /* Styles */,
				292713072CCD5CBB0088AA40 /* TimerStore.swift */,
				292713092CCD5CBB0088AA40 /* ViewModifier */,
				2927130C2CCD5CBB0088AA40 /* Views */,
			);
			path = Shared;
			sourceTree = "<group>";
		};
		292713962CCD60030088AA40 /* EMOM timers Watch App */ = {
			isa = PBXGroup;
			children = (
				292712B22CCD528E0088AA40 /* Assets.xcassets */,
				292712B42CCD528E0088AA40 /* EMOM timers Watch App.entitlements */,
				2927139A2CCD60540088AA40 /* Managers */,
				292713972CCD602F0088AA40 /* Preview Content */,
				292713BC2CCD60AC0088AA40 /* Views */,
			);
			path = "EMOM timers Watch App";
			sourceTree = "<group>";
		};
		292713972CCD602F0088AA40 /* Preview Content */ = {
			isa = PBXGroup;
			children = (
				292712B02CCD528E0088AA40 /* Preview Assets.xcassets */,
			);
			path = "Preview Content";
			sourceTree = "<group>";
		};
		2927139A2CCD60540088AA40 /* Managers */ = {
			isa = PBXGroup;
			children = (
				292713982CCD60540088AA40 /* HapticManager.swift */,
				292713992CCD60540088AA40 /* HealthkitManagerAW.swift */,
			);
			path = Managers;
			sourceTree = "<group>";
		};
		292713A82CCD60AC0088AA40 /* AgeStepView */ = {
			isa = PBXGroup;
			children = (
				292713A62CCD60AC0088AA40 /* AgeStepView.swift */,
				292713A72CCD60AC0088AA40 /* AgeStepViewModel.swift */,
			);
			path = AgeStepView;
			sourceTree = "<group>";
		};
		292713AF2CCD60AC0088AA40 /* CreateCustomTimerView */ = {
			isa = PBXGroup;
			children = (
				292713AA2CCD60AC0088AA40 /* CreateCustomTimerView.swift */,
				292713AB2CCD60AC0088AA40 /* FirstViewInFlow.swift */,
				292713AC2CCD60AC0088AA40 /* CreateCustomTimerViewModel.swift */,
				292713AD2CCD60AC0088AA40 /* RoundsStepView.swift */,
				292713AE2CCD60AC0088AA40 /* TimerPickerStepView.swift */,
			);
			path = CreateCustomTimerView;
			sourceTree = "<group>";
		};
		292713B22CCD60AC0088AA40 /* EMOMView */ = {
			isa = PBXGroup;
			children = (
				292713B02CCD60AC0088AA40 /* EMOMView.swift */,
				292713B12CCD60AC0088AA40 /* EMOMViewModel.swift */,
			);
			path = EMOMView;
			sourceTree = "<group>";
		};
		292713B92CCD60AC0088AA40 /* UpTimerView */ = {
			isa = PBXGroup;
			children = (
				292713B82CCD60AC0088AA40 /* UpTimerViewModel.swift */,
			);
			path = UpTimerView;
			sourceTree = "<group>";
		};
		292713BA2CCD60AC0088AA40 /* TimersSelectionView */ = {
			isa = PBXGroup;
			children = (
				292713AF2CCD60AC0088AA40 /* CreateCustomTimerView */,
				292713B22CCD60AC0088AA40 /* EMOMView */,
				292713B62CCD60AC0088AA40 /* TimersSelectionView.swift */,
				292713B92CCD60AC0088AA40 /* UpTimerView */,
			);
			path = TimersSelectionView;
			sourceTree = "<group>";
		};
		292713BC2CCD60AC0088AA40 /* Views */ = {
			isa = PBXGroup;
			children = (
				292713A82CCD60AC0088AA40 /* AgeStepView */,
				292713A92CCD60AC0088AA40 /* EMOM_timersApp.swift */,
				292713BA2CCD60AC0088AA40 /* TimersSelectionView */,
				292713BB2CCD60AC0088AA40 /* VibrationView.swift */,
			);
			path = Views;
			sourceTree = "<group>";
		};
		292713E62CCD634A0088AA40 /* EMOM timers */ = {
			isa = PBXGroup;
			children = (
				292714402CCD65A60088AA40 /* Preview Content */,
				2927129D2CCD528E0088AA40 /* Assets.xcassets */,
				2927129F2CCD528E0088AA40 /* EMOM timers.entitlements */,
				2927143D2CCD65050088AA40 /* EMOM_timersApp.swift */,
				292712A12CCD528E0088AA40 /* EMOM-timers-Info.plist */,
				292713ED2CCD63C10088AA40 /* Managers */,
				2927140A2CCD63C10088AA40 /* Views */,
			);
			path = "EMOM timers";
			sourceTree = "<group>";
		};
		292713ED2CCD63C10088AA40 /* Managers */ = {
			isa = PBXGroup;
			children = (
				292713E82CCD63C10088AA40 /* GoogleService-Info.plist */,
				292713E92CCD63C10088AA40 /* TrackingsManager.swift */,
				292713EA2CCD63C10088AA40 /* LocalPersitenceManager.swift */,
				292713EB2CCD63C10088AA40 /* OrientationManager.swift */,
				292713EC2CCD63C10088AA40 /* ApplicationManager.swift */,
			);
			path = Managers;
			sourceTree = "<group>";
		};
		292713EF2CCD63C10088AA40 /* ViewModifier */ = {
			isa = PBXGroup;
			children = (
				292713EE2CCD63C10088AA40 /* buttonStyle.swift */,
			);
			path = ViewModifier;
			sourceTree = "<group>";
		};
		292713F22CCD63C10088AA40 /* Common */ = {
			isa = PBXGroup;
			children = (
				292713F02CCD63C10088AA40 /* ParagraphImageView.swift */,
				292713F12CCD63C10088AA40 /* DismissButton.swift */,
			);
			path = Common;
			sourceTree = "<group>";
		};
		292713F42CCD63C10088AA40 /* Extension */ = {
			isa = PBXGroup;
			children = (
				292713F32CCD63C10088AA40 /* Image.swift */,
			);
			path = Extension;
			sourceTree = "<group>";
		};
		292713F62CCD63C10088AA40 /* Model */ = {
			isa = PBXGroup;
			children = (
				292713F52CCD63C10088AA40 /* Slide.swift */,
			);
			path = Model;
			sourceTree = "<group>";
		};
		292713FC2CCD63C10088AA40 /* HelpView */ = {
			isa = PBXGroup;
			children = (
				292713F72CCD63C10088AA40 /* HelpView.swift */,
				292713F82CCD63C10088AA40 /* EMOMTimerView.swift */,
				292713F92CCD63C10088AA40 /* IntroView.swift */,
				292713FA2CCD63C10088AA40 /* TimerUpView.swift */,
				292713FB2CCD63C10088AA40 /* ReceivedWatchOSMessagesView.swift */,
			);
			path = HelpView;
			sourceTree = "<group>";
		};
		292714022CCD63C10088AA40 /* EMOMView */ = {
			isa = PBXGroup;
			children = (
				292714002CCD63C10088AA40 /* EMOMView.swift */,
				292714012CCD63C10088AA40 /* EMOMViewModel.swift */,
			);
			path = EMOMView;
			sourceTree = "<group>";
		};
		292714082CCD63C10088AA40 /* CreateCustomTimerView */ = {
			isa = PBXGroup;
			children = (
				292714032CCD63C10088AA40 /* CreateCustomTimerView.swift */,
				5ADD23C12DC8FE43000364E5 /* CreateCustomTimerWorkRestToggleView.swift */,
				292714042CCD63C10088AA40 /* CreateCustomTimerContinueButton.swift */,
				292714052CCD63C10088AA40 /* CreateCustomTimerViewModel.swift */,
				292714062CCD63C10088AA40 /* CreateCustomTimerPickerView.swift */,
				292714072CCD63C10088AA40 /* CreateCustomTimerMMSSPickerView.swift */,
			);
			path = CreateCustomTimerView;
			sourceTree = "<group>";
		};
		292714092CCD63C10088AA40 /* TimersSelectionView */ = {
			isa = PBXGroup;
			children = (
				5ADD23C62DC9069A000364E5 /* UpTimerView */,
				292713FF2CCD63C10088AA40 /* TimersSelectionView.swift */,
				292714022CCD63C10088AA40 /* EMOMView */,
				292714082CCD63C10088AA40 /* CreateCustomTimerView */,
			);
			path = TimersSelectionView;
			sourceTree = "<group>";
		};
		2927140A2CCD63C10088AA40 /* Views */ = {
			isa = PBXGroup;
			children = (
				292713EF2CCD63C10088AA40 /* ViewModifier */,
				292713F22CCD63C10088AA40 /* Common */,
				292713F42CCD63C10088AA40 /* Extension */,
				292713F62CCD63C10088AA40 /* Model */,
				292713FC2CCD63C10088AA40 /* HelpView */,
				292713FD2CCD63C10088AA40 /* MainView.swift */,
				292713FE2CCD63C10088AA40 /* SplashScreenView.swift */,
				292714092CCD63C10088AA40 /* TimersSelectionView */,
			);
			path = Views;
			sourceTree = "<group>";
		};
		292714402CCD65A60088AA40 /* Preview Content */ = {
			isa = PBXGroup;
			children = (
			);
			path = "Preview Content";
			sourceTree = "<group>";
		};
		292714412CCD719F0088AA40 /* Audio */ = {
			isa = PBXGroup;
			children = (
				2927139D2CCD60780088AA40 /* finish.mp3 */,
				2927139E2CCD60780088AA40 /* rest.mp3 */,
				2927139F2CCD60780088AA40 /* start.mp3 */,
				292713A02CCD60780088AA40 /* work.mp3 */,
			);
			path = Audio;
			sourceTree = "<group>";
		};
		297A76382CCD2F3400939DB4 = {
			isa = PBXGroup;
			children = (
				29AA13812CD27341009FA18C /* EMOM timers.xctestplan */,
				29AA13822CD27848009FA18C /* EMOM timers Watch App.xctestplan */,
				292712922CCD44170088AA40 /* EMOM-timers-Watch-App-Info.plist */,
				292712822CCD346E0088AA40 /* Settings.bundle */,
				2927130D2CCD5CBB0088AA40 /* Shared */,
				292713E62CCD634A0088AA40 /* EMOM timers */,
				292713962CCD60030088AA40 /* EMOM timers Watch App */,
				29EAFC7A2CD3D6CF00921B78 /* EMOM timers Watch AppTests */,
				29AA13772CD2723F009FA18C /* EMOM timers Tests */,
				297A76422CCD2F3400939DB4 /* Products */,
			);
			sourceTree = "<group>";
		};
		297A76422CCD2F3400939DB4 /* Products */ = {
			isa = PBXGroup;
			children = (
				297A76412CCD2F3400939DB4 /* EMOM timers.app */,
				297A76672CCD2F3600939DB4 /* EMOM timers Watch App.app */,
				29AA13652CD26EEC009FA18C /* EMOM timers Watch AppTests.xctest */,
				29AA13762CD2723F009FA18C /* EMOM timers Tests.xctest */,
			);
			name = Products;
			sourceTree = "<group>";
		};
		29EAFC7A2CD3D6CF00921B78 /* EMOM timers Watch AppTests */ = {
			isa = PBXGroup;
			children = (
				29EAFC7B2CD3D73400921B78 /* Views */,
				29EAFC742CD2B55C00921B78 /* EMOMTimersWatchAppTests.swift */,
			);
			path = "EMOM timers Watch AppTests";
			sourceTree = "<group>";
		};
		29EAFC7B2CD3D73400921B78 /* Views */ = {
			isa = PBXGroup;
			children = (
				29EAFC7C2CD3D74300921B78 /* TimersSelectionView */,
			);
			path = Views;
			sourceTree = "<group>";
		};
		29EAFC7C2CD3D74300921B78 /* TimersSelectionView */ = {
			isa = PBXGroup;
			children = (
				29EAFC7F2CD3D75F00921B78 /* CreateCustomTimerView */,
			);
			path = TimersSelectionView;
			sourceTree = "<group>";
		};
		29EAFC7F2CD3D75F00921B78 /* CreateCustomTimerView */ = {
			isa = PBXGroup;
			children = (
				29EAFC802CD3D7A800921B78 /* CreateCustomTimerViewModelUT.swift */,
			);
			path = CreateCustomTimerView;
			sourceTree = "<group>";
		};
		5ADD23C62DC9069A000364E5 /* UpTimerView */ = {
			isa = PBXGroup;
			children = (
				5ADD23C42DC9069A000364E5 /* UpTimerView.swift */,
				5ADD23C52DC9069A000364E5 /* UpTimerViewModel.swift */,
			);
			path = UpTimerView;
			sourceTree = "<group>";
		};
/* End PBXGroup section */

/* Begin PBXNativeTarget section */
		297A76402CCD2F3400939DB4 /* EMOM timers */ = {
			isa = PBXNativeTarget;
			buildConfigurationList = 297A76912CCD2F3700939DB4 /* Build configuration list for PBXNativeTarget "EMOM timers" */;
			buildPhases = (
				297A763D2CCD2F3400939DB4 /* Sources */,
				292883262CD69AFD00DE1399 /* Swiftlint */,
				297A763E2CCD2F3400939DB4 /* Frameworks */,
				297A763F2CCD2F3400939DB4 /* Resources */,
				297A76902CCD2F3700939DB4 /* Embed Watch Content */,
			);
			buildRules = (
			);
			dependencies = (
				297A766A2CCD2F3600939DB4 /* PBXTargetDependency */,
			);
			name = "EMOM timers";
			packageProductDependencies = (
			);
			productName = "EMOM timers";
			productReference = 297A76412CCD2F3400939DB4 /* EMOM timers.app */;
			productType = "com.apple.product-type.application";
		};
		297A76662CCD2F3600939DB4 /* EMOM timers Watch App */ = {
			isa = PBXNativeTarget;
			buildConfigurationList = 297A768D2CCD2F3700939DB4 /* Build configuration list for PBXNativeTarget "EMOM timers Watch App" */;
			buildPhases = (
				297A76632CCD2F3600939DB4 /* Sources */,
				297A76642CCD2F3600939DB4 /* Frameworks */,
				297A76652CCD2F3600939DB4 /* Resources */,
				292883272CD8DB1A00DE1399 /* swiftlint */,
			);
			buildRules = (
			);
			dependencies = (
			);
			name = "EMOM timers Watch App";
			packageProductDependencies = (
			);
			productName = "EMOM timers Watch App";
			productReference = 297A76672CCD2F3600939DB4 /* EMOM timers Watch App.app */;
			productType = "com.apple.product-type.application";
		};
		29AA13642CD26EEC009FA18C /* EMOM timers Watch AppTests */ = {
			isa = PBXNativeTarget;
			buildConfigurationList = 29AA136B2CD26EEC009FA18C /* Build configuration list for PBXNativeTarget "EMOM timers Watch AppTests" */;
			buildPhases = (
				29AA13612CD26EEC009FA18C /* Sources */,
				29AA13622CD26EEC009FA18C /* Frameworks */,
				29AA13632CD26EEC009FA18C /* Resources */,
			);
			buildRules = (
			);
			dependencies = (
				29AA136A2CD26EEC009FA18C /* PBXTargetDependency */,
			);
			name = "EMOM timers Watch AppTests";
			packageProductDependencies = (
			);
			productName = "EMOM timers Watch AppTests";
			productReference = 29AA13652CD26EEC009FA18C /* EMOM timers Watch AppTests.xctest */;
			productType = "com.apple.product-type.bundle.unit-test";
		};
		29AA13752CD2723F009FA18C /* EMOM timers Tests */ = {
			isa = PBXNativeTarget;
			buildConfigurationList = 29AA137C2CD2723F009FA18C /* Build configuration list for PBXNativeTarget "EMOM timers Tests" */;
			buildPhases = (
				29AA13722CD2723F009FA18C /* Sources */,
				29AA13732CD2723F009FA18C /* Frameworks */,
				29AA13742CD2723F009FA18C /* Resources */,
			);
			buildRules = (
			);
			dependencies = (
				29AA137B2CD2723F009FA18C /* PBXTargetDependency */,
			);
			fileSystemSynchronizedGroups = (
				29AA13772CD2723F009FA18C /* EMOM timers Tests */,
			);
			name = "EMOM timers Tests";
			packageProductDependencies = (
			);
			productName = "EMOM timers Tests";
			productReference = 29AA13762CD2723F009FA18C /* EMOM timers Tests.xctest */;
			productType = "com.apple.product-type.bundle.unit-test";
		};
/* End PBXNativeTarget section */

/* Begin PBXProject section */
		297A76392CCD2F3400939DB4 /* Project object */ = {
			isa = PBXProject;
			attributes = {
				BuildIndependentTargetsInParallel = 1;
				LastSwiftUpdateCheck = 1600;
				LastUpgradeCheck = 1620;
				TargetAttributes = {
					297A76402CCD2F3400939DB4 = {
						CreatedOnToolsVersion = 16.0;
					};
					297A76662CCD2F3600939DB4 = {
						CreatedOnToolsVersion = 16.0;
					};
					29AA13642CD26EEC009FA18C = {
						CreatedOnToolsVersion = 16.0;
						TestTargetID = 297A76662CCD2F3600939DB4;
					};
					29AA13752CD2723F009FA18C = {
						CreatedOnToolsVersion = 16.0;
						TestTargetID = 297A76402CCD2F3400939DB4;
					};
				};
			};
			buildConfigurationList = 297A763C2CCD2F3400939DB4 /* Build configuration list for PBXProject "EMOM timers" */;
			developmentRegion = en;
			hasScannedForEncodings = 0;
			knownRegions = (
				en,
				Base,
			);
			mainGroup = 297A76382CCD2F3400939DB4;
			minimizedProjectReferenceProxies = 1;
			preferredProjectObjectVersion = 77;
			productRefGroup = 297A76422CCD2F3400939DB4 /* Products */;
			projectDirPath = "";
			projectRoot = "";
			targets = (
				297A76402CCD2F3400939DB4 /* EMOM timers */,
				297A76662CCD2F3600939DB4 /* EMOM timers Watch App */,
				29AA13642CD26EEC009FA18C /* EMOM timers Watch AppTests */,
				29AA13752CD2723F009FA18C /* EMOM timers Tests */,
			);
		};
/* End PBXProject section */

/* Begin PBXResourcesBuildPhase section */
		297A763F2CCD2F3400939DB4 /* Resources */ = {
			isa = PBXResourcesBuildPhase;
			buildActionMask = 2147483647;
			files = (
				292712C02CCD57AF0088AA40 /* EMOM-timers-Info.plist in Resources */,
				2927140B2CCD63C10088AA40 /* GoogleService-Info.plist in Resources */,
				292714422CCD71B40088AA40 /* rest.mp3 in Resources */,
				292714432CCD71B40088AA40 /* finish.mp3 in Resources */,
				292714442CCD71B40088AA40 /* work.mp3 in Resources */,
				292714452CCD71B40088AA40 /* start.mp3 in Resources */,
				292712A42CCD528E0088AA40 /* Assets.xcassets in Resources */,
				2927130E2CCD5CBB0088AA40 /* Localizable.xcstrings in Resources */,
				2927130F2CCD5CBB0088AA40 /* Assets.xcassets in Resources */,
				292712832CCD346E0088AA40 /* Settings.bundle in Resources */,
			);
			runOnlyForDeploymentPostprocessing = 0;
		};
		297A76652CCD2F3600939DB4 /* Resources */ = {
			isa = PBXResourcesBuildPhase;
			buildActionMask = 2147483647;
			files = (
				292712B82CCD528E0088AA40 /* Preview Assets.xcassets in Resources */,
				292713DF2CCD616A0088AA40 /* Localizable.xcstrings in Resources */,
				292712B92CCD528E0088AA40 /* Assets.xcassets in Resources */,
				292713E42CCD62FA0088AA40 /* Assets.xcassets in Resources */,
				292713A22CCD60780088AA40 /* start.mp3 in Resources */,
				292713A32CCD60780088AA40 /* finish.mp3 in Resources */,
				292713A42CCD60780088AA40 /* work.mp3 in Resources */,
				2927143C2CCD63C10088AA40 /* GoogleService-Info.plist in Resources */,
				292713E02CCD62230088AA40 /* Assets.xcassets in Resources */,
				292713A52CCD60780088AA40 /* rest.mp3 in Resources */,
			);
			runOnlyForDeploymentPostprocessing = 0;
		};
		29AA13632CD26EEC009FA18C /* Resources */ = {
			isa = PBXResourcesBuildPhase;
			buildActionMask = 2147483647;
			files = (
				29AA13832CD27848009FA18C /* EMOM timers Watch App.xctestplan in Resources */,
			);
			runOnlyForDeploymentPostprocessing = 0;
		};
		29AA13742CD2723F009FA18C /* Resources */ = {
			isa = PBXResourcesBuildPhase;
			buildActionMask = 2147483647;
			files = (
			);
			runOnlyForDeploymentPostprocessing = 0;
		};
/* End PBXResourcesBuildPhase section */

/* Begin PBXShellScriptBuildPhase section */
		292883262CD69AFD00DE1399 /* Swiftlint */ = {
			isa = PBXShellScriptBuildPhase;
			alwaysOutOfDate = 1;
			buildActionMask = 2147483647;
			files = (
			);
			inputFileListPaths = (
			);
			inputPaths = (
			);
			name = Swiftlint;
			outputFileListPaths = (
			);
			outputPaths = (
			);
			runOnlyForDeploymentPostprocessing = 0;
			shellPath = /bin/sh;
			shellScript = "echo \">>>>>>>>>>>>>>>>>>>>>>>> SWIFTLINT (BEGIN) >>>>>>>>>>>>>>>>>>>>>>>>>>>>>>\"\nif [[ \"$(uname -m)\" == arm64 ]]; then\n    export PATH=\"/opt/homebrew/bin:$PATH\"\nfi\n\n#if which swiftlint > /dev/null; then\n#  swiftlint\n#else\n#  echo \"warning: SwiftLint not installed, download from https://github.com/realm/SwiftLint\"\n#fi\necho \"<<<<<<<<<<<<<<<<<<<<<<<<< SWIFTLINT (END) <<<<<<<<<<<<<<<<<<<<<<<<<<<<<<<<\"\n# Type a script or drag a script file from your workspace to insert its path.\n";
			showEnvVarsInLog = 0;
		};
		292883272CD8DB1A00DE1399 /* swiftlint */ = {
			isa = PBXShellScriptBuildPhase;
			alwaysOutOfDate = 1;
			buildActionMask = 2147483647;
			files = (
			);
			inputFileListPaths = (
			);
			inputPaths = (
			);
			name = swiftlint;
			outputFileListPaths = (
			);
			outputPaths = (
			);
			runOnlyForDeploymentPostprocessing = 0;
			shellPath = /bin/sh;
			shellScript = "echo \">>>>>>>>>>>>>>>>>>>>>>>> SWIFTLINT (BEGIN) >>>>>>>>>>>>>>>>>>>>>>>>>>>>>>\"\nif [[ \"$(uname -m)\" == arm64 ]]; then\n    export PATH=\"/opt/homebrew/bin:$PATH\"\nfi\n\nif which swiftlint > /dev/null; then\n  swiftlint\nelse\n  echo \"warning: SwiftLint not installed, download from https://github.com/realm/SwiftLint\"\nfi\necho \"<<<<<<<<<<<<<<<<<<<<<<<<< SWIFTLINT (END) <<<<<<<<<<<<<<<<<<<<<<<<<<<<<<<<\"\n";
			showEnvVarsInLog = 0;
		};
/* End PBXShellScriptBuildPhase section */

/* Begin PBXSourcesBuildPhase section */
		297A763D2CCD2F3400939DB4 /* Sources */ = {
			isa = PBXSourcesBuildPhase;
			buildActionMask = 2147483647;
			files = (
				2927143E2CCD65050088AA40 /* EMOM_timersApp.swift in Sources */,
				292713102CCD5CBB0088AA40 /* MirroredTimer.swift in Sources */,
				292713112CCD5CBB0088AA40 /* Connectivity.swift in Sources */,
				292713122CCD5CBB0088AA40 /* Delivery.swift in Sources */,
				292713132CCD5CBB0088AA40 /* MirroredTimerWorking.swift in Sources */,
				5ADD23C72DC9069A000364E5 /* UpTimerViewModel.swift in Sources */,
				5ADD23C82DC9069A000364E5 /* UpTimerView.swift in Sources */,
				292713142CCD5CBB0088AA40 /* AudioManager.swift in Sources */,
				2927140C2CCD63C10088AA40 /* EMOMView.swift in Sources */,
				2927140D2CCD63C10088AA40 /* EMOMViewModel.swift in Sources */,
				2927140E2CCD63C10088AA40 /* buttonStyle.swift in Sources */,
				2927140F2CCD63C10088AA40 /* Slide.swift in Sources */,
				292714102CCD63C10088AA40 /* MainView.swift in Sources */,
				292714112CCD63C10088AA40 /* CreateCustomTimerContinueButton.swift in Sources */,
				292714122CCD63C10088AA40 /* IntroView.swift in Sources */,
				292714132CCD63C10088AA40 /* Image.swift in Sources */,
				292714142CCD63C10088AA40 /* CreateCustomTimerPickerView.swift in Sources */,
				292714152CCD63C10088AA40 /* EMOMTimerView.swift in Sources */,
				292714162CCD63C10088AA40 /* HelpView.swift in Sources */,
				292714172CCD63C10088AA40 /* CreateCustomTimerView.swift in Sources */,
				292714182CCD63C10088AA40 /* OrientationManager.swift in Sources */,
				292714192CCD63C10088AA40 /* CreateCustomTimerViewModel.swift in Sources */,
				2927141A2CCD63C10088AA40 /* ApplicationManager.swift in Sources */,
				2927141B2CCD63C10088AA40 /* TimersSelectionView.swift in Sources */,
				2927141C2CCD63C10088AA40 /* ReceivedWatchOSMessagesView.swift in Sources */,
				2927141D2CCD63C10088AA40 /* LocalPersitenceManager.swift in Sources */,
				2927141E2CCD63C10088AA40 /* TrackingsManager.swift in Sources */,
				2927141F2CCD63C10088AA40 /* SplashScreenView.swift in Sources */,
				292714202CCD63C10088AA40 /* TimerUpView.swift in Sources */,
				292714212CCD63C10088AA40 /* ParagraphImageView.swift in Sources */,
				292714222CCD63C10088AA40 /* DismissButton.swift in Sources */,
				292714232CCD63C10088AA40 /* CreateCustomTimerMMSSPickerView.swift in Sources */,
				292713152CCD5CBB0088AA40 /* HeartZoneView.swift in Sources */,
				292713162CCD5CBB0088AA40 /* MirroredTimerCountdown.swift in Sources */,
				292713172CCD5CBB0088AA40 /* HealthkitManager.swift in Sources */,
				292713182CCD5CBB0088AA40 /* ConnectivityMessage.swift in Sources */,
				5ADD23C22DC8FE43000364E5 /* CreateCustomTimerWorkRestToggleView.swift in Sources */,
				292713192CCD5CBB0088AA40 /* HeartZoneCalculator.swift in Sources */,
				2927131A2CCD5CBB0088AA40 /* ButtonAW.swift in Sources */,
				2927131B2CCD5CBB0088AA40 /* LocalLogger.swift in Sources */,
				2927131C2CCD5CBB0088AA40 /* ConnectivityUserInfoKey.swift in Sources */,
				2927131D2CCD5CBB0088AA40 /* TimerSelectionView.swift in Sources */,
				2927131E2CCD5CBB0088AA40 /* AppGroupStore.swift in Sources */,
				2927131F2CCD5CBB0088AA40 /* TimerStore.swift in Sources */,
				292713202CCD5CBB0088AA40 /* ArrayExtension.swift in Sources */,
				292713212CCD5CBB0088AA40 /* DictionaryExtension.swift in Sources */,
				292713222CCD5CBB0088AA40 /* ColorsAndFonts.swift in Sources */,
				292713232CCD5CBB0088AA40 /* CustomTimer.swift in Sources */,
				292713242CCD5CBB0088AA40 /* MirroredTimerFinished.swift in Sources */,
				292713942CCD5FBD0088AA40 /* EMOMViewModelState.swift in Sources */,
			);
			runOnlyForDeploymentPostprocessing = 0;
		};
		297A76632CCD2F3600939DB4 /* Sources */ = {
			isa = PBXSourcesBuildPhase;
			buildActionMask = 2147483647;
			files = (
				292713952CCD5FC50088AA40 /* EMOMViewModelState.swift in Sources */,
				2927139B2CCD60540088AA40 /* HapticManager.swift in Sources */,
				2927139C2CCD60540088AA40 /* HealthkitManagerAW.swift in Sources */,
				292713BD2CCD60AC0088AA40 /* CreateCustomTimerView.swift in Sources */,
				292713BE2CCD60AC0088AA40 /* AgeStepViewModel.swift in Sources */,
				292713C02CCD60AC0088AA40 /* EMOMViewModel.swift in Sources */,
				292713D12CCD616A0088AA40 /* MirroredTimerFinished.swift in Sources */,
				292713D22CCD616A0088AA40 /* TimerStore.swift in Sources */,
				292713D32CCD616A0088AA40 /* HeartZoneCalculator.swift in Sources */,
				292713D42CCD616A0088AA40 /* HeartZoneView.swift in Sources */,
				292713D52CCD616A0088AA40 /* MirroredTimerWorking.swift in Sources */,
				292713D62CCD616A0088AA40 /* ConnectivityMessage.swift in Sources */,
				292713D72CCD616A0088AA40 /* AudioManager.swift in Sources */,
				292713D82CCD616A0088AA40 /* MirroredTimerCountdown.swift in Sources */,
				292713D92CCD616A0088AA40 /* TimerSelectionView.swift in Sources */,
				292713DA2CCD616A0088AA40 /* ButtonAW.swift in Sources */,
				292713DB2CCD616A0088AA40 /* MirroredTimer.swift in Sources */,
				292713DC2CCD616A0088AA40 /* CustomTimer.swift in Sources */,
				292713DD2CCD616A0088AA40 /* AppGroupStore.swift in Sources */,
				292713DE2CCD616A0088AA40 /* HealthkitManager.swift in Sources */,
				292713C12CCD60AC0088AA40 /* VibrationView.swift in Sources */,
				292713C22CCD60AC0088AA40 /* RoundsStepView.swift in Sources */,
				292713C32CCD60AC0088AA40 /* EMOM_timersApp.swift in Sources */,
				292713E12CCD62560088AA40 /* ColorsAndFonts.swift in Sources */,
				292713D02CCD61420088AA40 /* LocalLogger.swift in Sources */,
				292713C42CCD60AC0088AA40 /* TimerPickerStepView.swift in Sources */,
				292713C62CCD60AC0088AA40 /* CreateCustomTimerViewModel.swift in Sources */,
				292713C82CCD60AC0088AA40 /* AgeStepView.swift in Sources */,
				292713C92CCD60AC0088AA40 /* FirstViewInFlow.swift in Sources */,
				292713CD2CCD613E0088AA40 /* Connectivity.swift in Sources */,
				292713CE2CCD613E0088AA40 /* ConnectivityUserInfoKey.swift in Sources */,
				292713CF2CCD613E0088AA40 /* Delivery.swift in Sources */,
				292713CA2CCD60AC0088AA40 /* EMOMView.swift in Sources */,
				292713CB2CCD60AC0088AA40 /* UpTimerViewModel.swift in Sources */,
				292713CC2CCD60AC0088AA40 /* TimersSelectionView.swift in Sources */,
				292713E22CCD62BA0088AA40 /* DictionaryExtension.swift in Sources */,
				292713E32CCD62BA0088AA40 /* ArrayExtension.swift in Sources */,
			);
			runOnlyForDeploymentPostprocessing = 0;
		};
		29AA13612CD26EEC009FA18C /* Sources */ = {
			isa = PBXSourcesBuildPhase;
			buildActionMask = 2147483647;
			files = (
				29EAFC812CD3D7A800921B78 /* CreateCustomTimerViewModelUT.swift in Sources */,
				29EAFC752CD2B55C00921B78 /* EMOMTimersWatchAppTests.swift in Sources */,
			);
			runOnlyForDeploymentPostprocessing = 0;
		};
		29AA13722CD2723F009FA18C /* Sources */ = {
			isa = PBXSourcesBuildPhase;
			buildActionMask = 2147483647;
			files = (
			);
			runOnlyForDeploymentPostprocessing = 0;
		};
/* End PBXSourcesBuildPhase section */

/* Begin PBXTargetDependency section */
		297A766A2CCD2F3600939DB4 /* PBXTargetDependency */ = {
			isa = PBXTargetDependency;
			target = 297A76662CCD2F3600939DB4 /* EMOM timers Watch App */;
			targetProxy = 297A76692CCD2F3600939DB4 /* PBXContainerItemProxy */;
		};
		29AA136A2CD26EEC009FA18C /* PBXTargetDependency */ = {
			isa = PBXTargetDependency;
			target = 297A76662CCD2F3600939DB4 /* EMOM timers Watch App */;
			targetProxy = 29AA13692CD26EEC009FA18C /* PBXContainerItemProxy */;
		};
		29AA137B2CD2723F009FA18C /* PBXTargetDependency */ = {
			isa = PBXTargetDependency;
			target = 297A76402CCD2F3400939DB4 /* EMOM timers */;
			targetProxy = 29AA137A2CD2723F009FA18C /* PBXContainerItemProxy */;
		};
/* End PBXTargetDependency section */

/* Begin XCBuildConfiguration section */
		297A768B2CCD2F3700939DB4 /* Debug */ = {
			isa = XCBuildConfiguration;
			buildSettings = {
				ALWAYS_SEARCH_USER_PATHS = NO;
				ASSETCATALOG_COMPILER_GENERATE_SWIFT_ASSET_SYMBOL_EXTENSIONS = YES;
				CLANG_ANALYZER_NONNULL = YES;
				CLANG_ANALYZER_NUMBER_OBJECT_CONVERSION = YES_AGGRESSIVE;
				CLANG_CXX_LANGUAGE_STANDARD = "gnu++20";
				CLANG_ENABLE_MODULES = YES;
				CLANG_ENABLE_OBJC_ARC = YES;
				CLANG_ENABLE_OBJC_WEAK = YES;
				CLANG_WARN_BLOCK_CAPTURE_AUTORELEASING = YES;
				CLANG_WARN_BOOL_CONVERSION = YES;
				CLANG_WARN_COMMA = YES;
				CLANG_WARN_CONSTANT_CONVERSION = YES;
				CLANG_WARN_DEPRECATED_OBJC_IMPLEMENTATIONS = YES;
				CLANG_WARN_DIRECT_OBJC_ISA_USAGE = YES_ERROR;
				CLANG_WARN_DOCUMENTATION_COMMENTS = YES;
				CLANG_WARN_EMPTY_BODY = YES;
				CLANG_WARN_ENUM_CONVERSION = YES;
				CLANG_WARN_INFINITE_RECURSION = YES;
				CLANG_WARN_INT_CONVERSION = YES;
				CLANG_WARN_NON_LITERAL_NULL_CONVERSION = YES;
				CLANG_WARN_OBJC_IMPLICIT_RETAIN_SELF = YES;
				CLANG_WARN_OBJC_LITERAL_CONVERSION = YES;
				CLANG_WARN_OBJC_ROOT_CLASS = YES_ERROR;
				CLANG_WARN_QUOTED_INCLUDE_IN_FRAMEWORK_HEADER = YES;
				CLANG_WARN_RANGE_LOOP_ANALYSIS = YES;
				CLANG_WARN_STRICT_PROTOTYPES = YES;
				CLANG_WARN_SUSPICIOUS_MOVE = YES;
				CLANG_WARN_UNGUARDED_AVAILABILITY = YES_AGGRESSIVE;
				CLANG_WARN_UNREACHABLE_CODE = YES;
				CLANG_WARN__DUPLICATE_METHOD_MATCH = YES;
				COPY_PHASE_STRIP = NO;
				CURRENT_PROJECT_VERSION = 18;
				DEAD_CODE_STRIPPING = YES;
				DEBUG_INFORMATION_FORMAT = dwarf;
				ENABLE_STRICT_OBJC_MSGSEND = YES;
				ENABLE_TESTABILITY = YES;
				ENABLE_USER_SCRIPT_SANDBOXING = YES;
				GCC_C_LANGUAGE_STANDARD = gnu17;
				GCC_DYNAMIC_NO_PIC = NO;
				GCC_NO_COMMON_BLOCKS = YES;
				GCC_OPTIMIZATION_LEVEL = 0;
				GCC_PREPROCESSOR_DEFINITIONS = (
					"DEBUG=1",
					"$(inherited)",
				);
				GCC_WARN_64_TO_32_BIT_CONVERSION = YES;
				GCC_WARN_ABOUT_RETURN_TYPE = YES_ERROR;
				GCC_WARN_UNDECLARED_SELECTOR = YES;
				GCC_WARN_UNINITIALIZED_AUTOS = YES_AGGRESSIVE;
				GCC_WARN_UNUSED_FUNCTION = YES;
				GCC_WARN_UNUSED_VARIABLE = YES;
				LOCALIZATION_PREFERS_STRING_CATALOGS = YES;
				MARKETING_VERSION = 1.6;
				MTL_ENABLE_DEBUG_INFO = INCLUDE_SOURCE;
				MTL_FAST_MATH = YES;
				ONLY_ACTIVE_ARCH = YES;
				SWIFT_ACTIVE_COMPILATION_CONDITIONS = "DEBUG $(inherited)";
				SWIFT_OPTIMIZATION_LEVEL = "-Onone";
				SWIFT_STRICT_CONCURRENCY = complete;
				SWIFT_VERSION = 6.0;
			};
			name = Debug;
		};
		297A768C2CCD2F3700939DB4 /* Release */ = {
			isa = XCBuildConfiguration;
			buildSettings = {
				ALWAYS_SEARCH_USER_PATHS = NO;
				ASSETCATALOG_COMPILER_GENERATE_SWIFT_ASSET_SYMBOL_EXTENSIONS = YES;
				CLANG_ANALYZER_NONNULL = YES;
				CLANG_ANALYZER_NUMBER_OBJECT_CONVERSION = YES_AGGRESSIVE;
				CLANG_CXX_LANGUAGE_STANDARD = "gnu++20";
				CLANG_ENABLE_MODULES = YES;
				CLANG_ENABLE_OBJC_ARC = YES;
				CLANG_ENABLE_OBJC_WEAK = YES;
				CLANG_WARN_BLOCK_CAPTURE_AUTORELEASING = YES;
				CLANG_WARN_BOOL_CONVERSION = YES;
				CLANG_WARN_COMMA = YES;
				CLANG_WARN_CONSTANT_CONVERSION = YES;
				CLANG_WARN_DEPRECATED_OBJC_IMPLEMENTATIONS = YES;
				CLANG_WARN_DIRECT_OBJC_ISA_USAGE = YES_ERROR;
				CLANG_WARN_DOCUMENTATION_COMMENTS = YES;
				CLANG_WARN_EMPTY_BODY = YES;
				CLANG_WARN_ENUM_CONVERSION = YES;
				CLANG_WARN_INFINITE_RECURSION = YES;
				CLANG_WARN_INT_CONVERSION = YES;
				CLANG_WARN_NON_LITERAL_NULL_CONVERSION = YES;
				CLANG_WARN_OBJC_IMPLICIT_RETAIN_SELF = YES;
				CLANG_WARN_OBJC_LITERAL_CONVERSION = YES;
				CLANG_WARN_OBJC_ROOT_CLASS = YES_ERROR;
				CLANG_WARN_QUOTED_INCLUDE_IN_FRAMEWORK_HEADER = YES;
				CLANG_WARN_RANGE_LOOP_ANALYSIS = YES;
				CLANG_WARN_STRICT_PROTOTYPES = YES;
				CLANG_WARN_SUSPICIOUS_MOVE = YES;
				CLANG_WARN_UNGUARDED_AVAILABILITY = YES_AGGRESSIVE;
				CLANG_WARN_UNREACHABLE_CODE = YES;
				CLANG_WARN__DUPLICATE_METHOD_MATCH = YES;
				COPY_PHASE_STRIP = NO;
				CURRENT_PROJECT_VERSION = 18;
				DEAD_CODE_STRIPPING = YES;
				DEBUG_INFORMATION_FORMAT = "dwarf-with-dsym";
				ENABLE_NS_ASSERTIONS = NO;
				ENABLE_STRICT_OBJC_MSGSEND = YES;
				ENABLE_USER_SCRIPT_SANDBOXING = YES;
				GCC_C_LANGUAGE_STANDARD = gnu17;
				GCC_NO_COMMON_BLOCKS = YES;
				GCC_WARN_64_TO_32_BIT_CONVERSION = YES;
				GCC_WARN_ABOUT_RETURN_TYPE = YES_ERROR;
				GCC_WARN_UNDECLARED_SELECTOR = YES;
				GCC_WARN_UNINITIALIZED_AUTOS = YES_AGGRESSIVE;
				GCC_WARN_UNUSED_FUNCTION = YES;
				GCC_WARN_UNUSED_VARIABLE = YES;
				LOCALIZATION_PREFERS_STRING_CATALOGS = YES;
				MARKETING_VERSION = 1.6;
				MTL_ENABLE_DEBUG_INFO = NO;
				MTL_FAST_MATH = YES;
				SWIFT_COMPILATION_MODE = wholemodule;
				SWIFT_STRICT_CONCURRENCY = complete;
				SWIFT_VERSION = 6.0;
			};
			name = Release;
		};
		297A768E2CCD2F3700939DB4 /* Debug */ = {
			isa = XCBuildConfiguration;
			buildSettings = {
				ASSETCATALOG_COMPILER_APPICON_NAME = AppIcon;
				ASSETCATALOG_COMPILER_GLOBAL_ACCENT_COLOR_NAME = AccentColor;
				CODE_SIGN_ENTITLEMENTS = "EMOM timers Watch App/EMOM timers Watch App.entitlements";
				CODE_SIGN_STYLE = Automatic;
				CURRENT_PROJECT_VERSION = "$(CURRENT_PROJECT_VERSION)";
				DEVELOPMENT_ASSET_PATHS = "\"EMOM timers Watch App/Preview Content\"";
				DEVELOPMENT_TEAM = 7ZPDPWR8XU;
				ENABLE_PREVIEWS = YES;
				GENERATE_INFOPLIST_FILE = YES;
				INFOPLIST_FILE = "EMOM-timers-Watch-App-Info.plist";
				INFOPLIST_KEY_CFBundleDisplayName = "EMOM timers";
				INFOPLIST_KEY_NSHealthShareUsageDescription = "EMOM timers wants to access your health data in order to analyze your health and best advice";
				INFOPLIST_KEY_NSHealthUpdateUsageDescription = "EMOM timers wants to access your health data in order to analyze your health and best advice";
				INFOPLIST_KEY_UISupportedInterfaceOrientations = "UIInterfaceOrientationPortrait UIInterfaceOrientationPortraitUpsideDown";
				INFOPLIST_KEY_WKCompanionAppBundleIdentifier = "jca.EMOM-timers";
				LD_RUNPATH_SEARCH_PATHS = (
					"$(inherited)",
					"@executable_path/Frameworks",
				);
				MARKETING_VERSION = $MARKETING_VERSION;
				PRODUCT_BUNDLE_IDENTIFIER = "jca.EMOM-timers.watchkitapp";
				PRODUCT_NAME = "$(TARGET_NAME)";
				SDKROOT = watchos;
				SKIP_INSTALL = YES;
				SWIFT_EMIT_LOC_STRINGS = YES;
				SWIFT_STRICT_CONCURRENCY = complete;
				SWIFT_VERSION = 6.0;
				TARGETED_DEVICE_FAMILY = 4;
				WATCHOS_DEPLOYMENT_TARGET = 11.0;
			};
			name = Debug;
		};
		297A768F2CCD2F3700939DB4 /* Release */ = {
			isa = XCBuildConfiguration;
			buildSettings = {
				ASSETCATALOG_COMPILER_APPICON_NAME = AppIcon;
				ASSETCATALOG_COMPILER_GLOBAL_ACCENT_COLOR_NAME = AccentColor;
				CODE_SIGN_ENTITLEMENTS = "EMOM timers Watch App/EMOM timers Watch App.entitlements";
				CODE_SIGN_STYLE = Automatic;
				CURRENT_PROJECT_VERSION = "$(CURRENT_PROJECT_VERSION)";
				DEVELOPMENT_ASSET_PATHS = "\"EMOM timers Watch App/Preview Content\"";
				DEVELOPMENT_TEAM = 7ZPDPWR8XU;
				ENABLE_PREVIEWS = YES;
				GENERATE_INFOPLIST_FILE = YES;
				INFOPLIST_FILE = "EMOM-timers-Watch-App-Info.plist";
				INFOPLIST_KEY_CFBundleDisplayName = "EMOM timers";
				INFOPLIST_KEY_NSHealthShareUsageDescription = "EMOM timers wants to access your health data in order to analyze your health and best advice";
				INFOPLIST_KEY_NSHealthUpdateUsageDescription = "EMOM timers wants to access your health data in order to analyze your health and best advice";
				INFOPLIST_KEY_UISupportedInterfaceOrientations = "UIInterfaceOrientationPortrait UIInterfaceOrientationPortraitUpsideDown";
				INFOPLIST_KEY_WKCompanionAppBundleIdentifier = "jca.EMOM-timers";
				LD_RUNPATH_SEARCH_PATHS = (
					"$(inherited)",
					"@executable_path/Frameworks",
				);
				MARKETING_VERSION = $MARKETING_VERSION;
				PRODUCT_BUNDLE_IDENTIFIER = "jca.EMOM-timers.watchkitapp";
				PRODUCT_NAME = "$(TARGET_NAME)";
				SDKROOT = watchos;
				SKIP_INSTALL = YES;
				SWIFT_EMIT_LOC_STRINGS = YES;
				SWIFT_STRICT_CONCURRENCY = complete;
				SWIFT_VERSION = 6.0;
				TARGETED_DEVICE_FAMILY = 4;
				VALIDATE_PRODUCT = YES;
				WATCHOS_DEPLOYMENT_TARGET = 11.0;
			};
			name = Release;
		};
		297A76922CCD2F3700939DB4 /* Debug */ = {
			isa = XCBuildConfiguration;
			buildSettings = {
				ASSETCATALOG_COMPILER_APPICON_NAME = AppIcon;
				ASSETCATALOG_COMPILER_GLOBAL_ACCENT_COLOR_NAME = AccentColor;
				CODE_SIGN_ENTITLEMENTS = "EMOM timers/EMOM timers.entitlements";
				CODE_SIGN_STYLE = Automatic;
				CURRENT_PROJECT_VERSION = "$(CURRENT_PROJECT_VERSION)";
				DEVELOPMENT_ASSET_PATHS = "\"EMOM timers/Preview Content\"";
				DEVELOPMENT_TEAM = 7ZPDPWR8XU;
				ENABLE_PREVIEWS = YES;
				ENABLE_USER_SCRIPT_SANDBOXING = NO;
				GENERATE_INFOPLIST_FILE = YES;
				INFOPLIST_KEY_CFBundleDisplayName = "EMOM timers";
				INFOPLIST_KEY_UIApplicationSceneManifest_Generation = YES;
				INFOPLIST_KEY_UIApplicationSupportsIndirectInputEvents = YES;
				INFOPLIST_KEY_UILaunchScreen_Generation = YES;
				INFOPLIST_KEY_UISupportedInterfaceOrientations_iPad = "UIInterfaceOrientationPortrait UIInterfaceOrientationPortraitUpsideDown UIInterfaceOrientationLandscapeLeft UIInterfaceOrientationLandscapeRight";
				INFOPLIST_KEY_UISupportedInterfaceOrientations_iPhone = "UIInterfaceOrientationPortrait UIInterfaceOrientationLandscapeLeft UIInterfaceOrientationLandscapeRight";
				IPHONEOS_DEPLOYMENT_TARGET = 18.0;
				LD_RUNPATH_SEARCH_PATHS = (
					"$(inherited)",
					"@executable_path/Frameworks",
				);
				MARKETING_VERSION = $MARKETING_VERSION;
				PRODUCT_BUNDLE_IDENTIFIER = "jca.EMOM-timers";
				PRODUCT_NAME = "$(TARGET_NAME)";
				SDKROOT = iphoneos;
				SWIFT_EMIT_LOC_STRINGS = YES;
				SWIFT_STRICT_CONCURRENCY = complete;
				SWIFT_VERSION = 6.0;
				TARGETED_DEVICE_FAMILY = "1,2";
			};
			name = Debug;
		};
		297A76932CCD2F3700939DB4 /* Release */ = {
			isa = XCBuildConfiguration;
			buildSettings = {
				ASSETCATALOG_COMPILER_APPICON_NAME = AppIcon;
				ASSETCATALOG_COMPILER_GLOBAL_ACCENT_COLOR_NAME = AccentColor;
				CODE_SIGN_ENTITLEMENTS = "EMOM timers/EMOM timers.entitlements";
				CODE_SIGN_STYLE = Automatic;
				CURRENT_PROJECT_VERSION = "$(CURRENT_PROJECT_VERSION)";
				DEVELOPMENT_ASSET_PATHS = "\"EMOM timers/Preview Content\"";
				DEVELOPMENT_TEAM = 7ZPDPWR8XU;
				ENABLE_PREVIEWS = YES;
				ENABLE_USER_SCRIPT_SANDBOXING = NO;
				GENERATE_INFOPLIST_FILE = YES;
				INFOPLIST_KEY_CFBundleDisplayName = "EMOM timers";
				INFOPLIST_KEY_UIApplicationSceneManifest_Generation = YES;
				INFOPLIST_KEY_UIApplicationSupportsIndirectInputEvents = YES;
				INFOPLIST_KEY_UILaunchScreen_Generation = YES;
				INFOPLIST_KEY_UISupportedInterfaceOrientations_iPad = "UIInterfaceOrientationPortrait UIInterfaceOrientationPortraitUpsideDown UIInterfaceOrientationLandscapeLeft UIInterfaceOrientationLandscapeRight";
				INFOPLIST_KEY_UISupportedInterfaceOrientations_iPhone = "UIInterfaceOrientationPortrait UIInterfaceOrientationLandscapeLeft UIInterfaceOrientationLandscapeRight";
				IPHONEOS_DEPLOYMENT_TARGET = 18.0;
				LD_RUNPATH_SEARCH_PATHS = (
					"$(inherited)",
					"@executable_path/Frameworks",
				);
				MARKETING_VERSION = $MARKETING_VERSION;
				PRODUCT_BUNDLE_IDENTIFIER = "jca.EMOM-timers";
				PRODUCT_NAME = "$(TARGET_NAME)";
				SDKROOT = iphoneos;
				SWIFT_EMIT_LOC_STRINGS = YES;
				SWIFT_STRICT_CONCURRENCY = complete;
				SWIFT_VERSION = 6.0;
				TARGETED_DEVICE_FAMILY = "1,2";
				VALIDATE_PRODUCT = YES;
			};
			name = Release;
		};
		29AA136C2CD26EEC009FA18C /* Debug */ = {
			isa = XCBuildConfiguration;
			buildSettings = {
				BUNDLE_LOADER = "$(TEST_HOST)";
				CODE_SIGN_STYLE = Automatic;
				CURRENT_PROJECT_VERSION = 1;
				DEVELOPMENT_TEAM = 7ZPDPWR8XU;
				GENERATE_INFOPLIST_FILE = YES;
				MARKETING_VERSION = 1.0;
				PRODUCT_BUNDLE_IDENTIFIER = "jca.EMOM-timers-Watch-AppTests";
				PRODUCT_NAME = "$(TARGET_NAME)";
				SDKROOT = watchos;
				SWIFT_EMIT_LOC_STRINGS = NO;
				SWIFT_VERSION = 5.0;
				TARGETED_DEVICE_FAMILY = 4;
				TEST_HOST = "$(BUILT_PRODUCTS_DIR)/EMOM timers Watch App.app/$(BUNDLE_EXECUTABLE_FOLDER_PATH)/EMOM timers Watch App";
				WATCHOS_DEPLOYMENT_TARGET = 11.0;
			};
			name = Debug;
		};
		29AA136D2CD26EEC009FA18C /* Release */ = {
			isa = XCBuildConfiguration;
			buildSettings = {
				BUNDLE_LOADER = "$(TEST_HOST)";
				CODE_SIGN_STYLE = Automatic;
				CURRENT_PROJECT_VERSION = 1;
				DEVELOPMENT_TEAM = 7ZPDPWR8XU;
				GENERATE_INFOPLIST_FILE = YES;
				MARKETING_VERSION = 1.0;
				PRODUCT_BUNDLE_IDENTIFIER = "jca.EMOM-timers-Watch-AppTests";
				PRODUCT_NAME = "$(TARGET_NAME)";
				SDKROOT = watchos;
				SWIFT_EMIT_LOC_STRINGS = NO;
				SWIFT_VERSION = 5.0;
				TARGETED_DEVICE_FAMILY = 4;
				TEST_HOST = "$(BUILT_PRODUCTS_DIR)/EMOM timers Watch App.app/$(BUNDLE_EXECUTABLE_FOLDER_PATH)/EMOM timers Watch App";
				VALIDATE_PRODUCT = YES;
				WATCHOS_DEPLOYMENT_TARGET = 11.0;
			};
			name = Release;
		};
		29AA137D2CD2723F009FA18C /* Debug */ = {
			isa = XCBuildConfiguration;
			buildSettings = {
				BUNDLE_LOADER = "$(TEST_HOST)";
				CODE_SIGN_STYLE = Automatic;
				CURRENT_PROJECT_VERSION = 1;
				DEVELOPMENT_TEAM = 7ZPDPWR8XU;
				GENERATE_INFOPLIST_FILE = YES;
				IPHONEOS_DEPLOYMENT_TARGET = 18.0;
				MARKETING_VERSION = 1.0;
				PRODUCT_BUNDLE_IDENTIFIER = "jca.EMOM-timers-Tests";
				PRODUCT_NAME = "$(TARGET_NAME)";
				SDKROOT = iphoneos;
				SWIFT_EMIT_LOC_STRINGS = NO;
				SWIFT_VERSION = 5.0;
				TARGETED_DEVICE_FAMILY = "1,2";
				TEST_HOST = "$(BUILT_PRODUCTS_DIR)/EMOM timers.app/$(BUNDLE_EXECUTABLE_FOLDER_PATH)/EMOM timers";
			};
			name = Debug;
		};
		29AA137E2CD2723F009FA18C /* Release */ = {
			isa = XCBuildConfiguration;
			buildSettings = {
				BUNDLE_LOADER = "$(TEST_HOST)";
				CODE_SIGN_STYLE = Automatic;
				CURRENT_PROJECT_VERSION = 1;
				DEVELOPMENT_TEAM = 7ZPDPWR8XU;
				GENERATE_INFOPLIST_FILE = YES;
				IPHONEOS_DEPLOYMENT_TARGET = 18.0;
				MARKETING_VERSION = 1.0;
				PRODUCT_BUNDLE_IDENTIFIER = "jca.EMOM-timers-Tests";
				PRODUCT_NAME = "$(TARGET_NAME)";
				SDKROOT = iphoneos;
				SWIFT_EMIT_LOC_STRINGS = NO;
				SWIFT_VERSION = 5.0;
				TARGETED_DEVICE_FAMILY = "1,2";
				TEST_HOST = "$(BUILT_PRODUCTS_DIR)/EMOM timers.app/$(BUNDLE_EXECUTABLE_FOLDER_PATH)/EMOM timers";
				VALIDATE_PRODUCT = YES;
			};
			name = Release;
		};
/* End XCBuildConfiguration section */

/* Begin XCConfigurationList section */
		297A763C2CCD2F3400939DB4 /* Build configuration list for PBXProject "EMOM timers" */ = {
			isa = XCConfigurationList;
			buildConfigurations = (
				297A768B2CCD2F3700939DB4 /* Debug */,
				297A768C2CCD2F3700939DB4 /* Release */,
			);
			defaultConfigurationIsVisible = 0;
			defaultConfigurationName = Release;
		};
		297A768D2CCD2F3700939DB4 /* Build configuration list for PBXNativeTarget "EMOM timers Watch App" */ = {
			isa = XCConfigurationList;
			buildConfigurations = (
				297A768E2CCD2F3700939DB4 /* Debug */,
				297A768F2CCD2F3700939DB4 /* Release */,
			);
			defaultConfigurationIsVisible = 0;
			defaultConfigurationName = Release;
		};
		297A76912CCD2F3700939DB4 /* Build configuration list for PBXNativeTarget "EMOM timers" */ = {
			isa = XCConfigurationList;
			buildConfigurations = (
				297A76922CCD2F3700939DB4 /* Debug */,
				297A76932CCD2F3700939DB4 /* Release */,
			);
			defaultConfigurationIsVisible = 0;
			defaultConfigurationName = Release;
		};
		29AA136B2CD26EEC009FA18C /* Build configuration list for PBXNativeTarget "EMOM timers Watch AppTests" */ = {
			isa = XCConfigurationList;
			buildConfigurations = (
				29AA136C2CD26EEC009FA18C /* Debug */,
				29AA136D2CD26EEC009FA18C /* Release */,
			);
			defaultConfigurationIsVisible = 0;
			defaultConfigurationName = Release;
		};
		29AA137C2CD2723F009FA18C /* Build configuration list for PBXNativeTarget "EMOM timers Tests" */ = {
			isa = XCConfigurationList;
			buildConfigurations = (
				29AA137D2CD2723F009FA18C /* Debug */,
				29AA137E2CD2723F009FA18C /* Release */,
			);
			defaultConfigurationIsVisible = 0;
			defaultConfigurationName = Release;
		};
/* End XCConfigurationList section */
	};
	rootObject = 297A76392CCD2F3400939DB4 /* Project object */;
}
