// !$*UTF8*$!
{
	archiveVersion = 1;
	classes = {
	};
	objectVersion = 56;
	objects = {

/* Begin PBXBuildFile section */
		290AC81E2B7E0FB7005A26E0 /* EMOMViewModeNoRestlUT.swift in Sources */ = {isa = PBXBuildFile; fileRef = 290AC81D2B7E0FB7005A26E0 /* EMOMViewModeNoRestlUT.swift */; };
		290C54EE2B58184800D0CD4C /* RoundTimer Watch App.app in Embed Watch Content */ = {isa = PBXBuildFile; fileRef = 290C54ED2B58184800D0CD4C /* RoundTimer Watch App.app */; settings = {ATTRIBUTES = (RemoveHeadersOnCopy, ); }; };
		290C54F32B58184800D0CD4C /* RoundTimerApp.swift in Sources */ = {isa = PBXBuildFile; fileRef = 290C54F22B58184800D0CD4C /* RoundTimerApp.swift */; };
		290C54F52B58184800D0CD4C /* ActiveTimerView.swift in Sources */ = {isa = PBXBuildFile; fileRef = 290C54F42B58184800D0CD4C /* ActiveTimerView.swift */; };
		290C54F72B58184A00D0CD4C /* Assets.xcassets in Resources */ = {isa = PBXBuildFile; fileRef = 290C54F62B58184A00D0CD4C /* Assets.xcassets */; };
		290C54FA2B58184A00D0CD4C /* Preview Assets.xcassets in Resources */ = {isa = PBXBuildFile; fileRef = 290C54F92B58184A00D0CD4C /* Preview Assets.xcassets */; };
		290C55042B58184A00D0CD4C /* RoundTimer_Watch_AppTests.swift in Sources */ = {isa = PBXBuildFile; fileRef = 290C55032B58184A00D0CD4C /* RoundTimer_Watch_AppTests.swift */; };
		290C550E2B58184A00D0CD4C /* RoundTimer_Watch_AppUITests.swift in Sources */ = {isa = PBXBuildFile; fileRef = 290C550D2B58184A00D0CD4C /* RoundTimer_Watch_AppUITests.swift */; };
		290C55102B58184A00D0CD4C /* RoundTimer_Watch_AppUITestsLaunchTests.swift in Sources */ = {isa = PBXBuildFile; fileRef = 290C550F2B58184A00D0CD4C /* RoundTimer_Watch_AppUITestsLaunchTests.swift */; };
		290C55212B581B0100D0CD4C /* SelectEMOMView.swift in Sources */ = {isa = PBXBuildFile; fileRef = 290C55202B581B0100D0CD4C /* SelectEMOMView.swift */; };
		290C55232B581E7200D0CD4C /* RoundsStepView.swift in Sources */ = {isa = PBXBuildFile; fileRef = 290C55222B581E7200D0CD4C /* RoundsStepView.swift */; };
		290C55272B582BD900D0CD4C /* TimerPickerStepView.swift in Sources */ = {isa = PBXBuildFile; fileRef = 290C55262B582BD900D0CD4C /* TimerPickerStepView.swift */; };
		2934BE762B5C206300B65361 /* EMOMTimerView.swift in Sources */ = {isa = PBXBuildFile; fileRef = 2934BE752B5C206300B65361 /* EMOMTimerView.swift */; };
		2934BE792B5C232800B65361 /* Emom.swift in Sources */ = {isa = PBXBuildFile; fileRef = 2934BE782B5C232800B65361 /* Emom.swift */; };
		2934BE7C2B5C23C600B65361 /* EmomUT.swift in Sources */ = {isa = PBXBuildFile; fileRef = 2934BE7B2B5C23C600B65361 /* EmomUT.swift */; };
		2934BE802B5C36B700B65361 /* EMOMTimerListView.swift in Sources */ = {isa = PBXBuildFile; fileRef = 2934BE7F2B5C36B700B65361 /* EMOMTimerListView.swift */; };
		2949C4E32B769DCC00F9B88A /* ColorsAndFonts.swift in Sources */ = {isa = PBXBuildFile; fileRef = 2949C4E22B769DCC00F9B88A /* ColorsAndFonts.swift */; };
		297179572B7D132900048F40 /* HapticManager.swift in Sources */ = {isa = PBXBuildFile; fileRef = 297179562B7D132900048F40 /* HapticManager.swift */; };
		2971C6942B62A77A00D1BF24 /* EMOMViewModelUT.swift in Sources */ = {isa = PBXBuildFile; fileRef = 2971C6932B62A77A00D1BF24 /* EMOMViewModelUT.swift */; };
		29A0576B2B7436AC007E00AD /* EMOMView.swift in Sources */ = {isa = PBXBuildFile; fileRef = 29A057692B7436AC007E00AD /* EMOMView.swift */; };
		29A0576C2B7436AC007E00AD /* EMOMViewModel.swift in Sources */ = {isa = PBXBuildFile; fileRef = 29A0576A2B7436AC007E00AD /* EMOMViewModel.swift */; };
		29A3195D2B8380E2005A26BC /* AudioManager.swift in Sources */ = {isa = PBXBuildFile; fileRef = 29A3195C2B8380E2005A26BC /* AudioManager.swift */; };
		29C058EF2B6C1BD900F82CB2 /* VibrationView.swift in Sources */ = {isa = PBXBuildFile; fileRef = 29C058EE2B6C1BD800F82CB2 /* VibrationView.swift */; };
		29EB21FC2B83A5FD00261DDD /* start.mp3 in Resources */ = {isa = PBXBuildFile; fileRef = 29EB21FB2B83A5FD00261DDD /* start.mp3 */; };
		29EB21FE2B83A60E00261DDD /* rest.mp3 in Resources */ = {isa = PBXBuildFile; fileRef = 29EB21FD2B83A60E00261DDD /* rest.mp3 */; };
		29EB22002B83A62000261DDD /* work.mp3 in Resources */ = {isa = PBXBuildFile; fileRef = 29EB21FF2B83A62000261DDD /* work.mp3 */; };
		29EB22022B83AE4700261DDD /* CountdownView.swift in Sources */ = {isa = PBXBuildFile; fileRef = 29EB22012B83AE4700261DDD /* CountdownView.swift */; };
		29EB22042B83C95100261DDD /* finish.mp3 in Resources */ = {isa = PBXBuildFile; fileRef = 29EB22032B83C95100261DDD /* finish.mp3 */; };
/* End PBXBuildFile section */

/* Begin PBXContainerItemProxy section */
		290C54EF2B58184800D0CD4C /* PBXContainerItemProxy */ = {
			isa = PBXContainerItemProxy;
			containerPortal = 290C54E12B58184800D0CD4C /* Project object */;
			proxyType = 1;
			remoteGlobalIDString = 290C54EC2B58184800D0CD4C;
			remoteInfo = "RoundTimer Watch App";
		};
		290C55002B58184A00D0CD4C /* PBXContainerItemProxy */ = {
			isa = PBXContainerItemProxy;
			containerPortal = 290C54E12B58184800D0CD4C /* Project object */;
			proxyType = 1;
			remoteGlobalIDString = 290C54EC2B58184800D0CD4C;
			remoteInfo = "RoundTimer Watch App";
		};
		290C550A2B58184A00D0CD4C /* PBXContainerItemProxy */ = {
			isa = PBXContainerItemProxy;
			containerPortal = 290C54E12B58184800D0CD4C /* Project object */;
			proxyType = 1;
			remoteGlobalIDString = 290C54EC2B58184800D0CD4C;
			remoteInfo = "RoundTimer Watch App";
		};
/* End PBXContainerItemProxy section */

/* Begin PBXCopyFilesBuildPhase section */
		290C55162B58184A00D0CD4C /* Embed Watch Content */ = {
			isa = PBXCopyFilesBuildPhase;
			buildActionMask = 2147483647;
			dstPath = "$(CONTENTS_FOLDER_PATH)/Watch";
			dstSubfolderSpec = 16;
			files = (
				290C54EE2B58184800D0CD4C /* RoundTimer Watch App.app in Embed Watch Content */,
			);
			name = "Embed Watch Content";
			runOnlyForDeploymentPostprocessing = 0;
		};
/* End PBXCopyFilesBuildPhase section */

/* Begin PBXFileReference section */
		290AC81D2B7E0FB7005A26E0 /* EMOMViewModeNoRestlUT.swift */ = {isa = PBXFileReference; lastKnownFileType = sourcecode.swift; path = EMOMViewModeNoRestlUT.swift; sourceTree = "<group>"; };
		290C54E72B58184800D0CD4C /* RoundTimer.app */ = {isa = PBXFileReference; explicitFileType = wrapper.application; includeInIndex = 0; path = RoundTimer.app; sourceTree = BUILT_PRODUCTS_DIR; };
		290C54ED2B58184800D0CD4C /* RoundTimer Watch App.app */ = {isa = PBXFileReference; explicitFileType = wrapper.application; includeInIndex = 0; path = "RoundTimer Watch App.app"; sourceTree = BUILT_PRODUCTS_DIR; };
		290C54F22B58184800D0CD4C /* RoundTimerApp.swift */ = {isa = PBXFileReference; lastKnownFileType = sourcecode.swift; path = RoundTimerApp.swift; sourceTree = "<group>"; };
		290C54F42B58184800D0CD4C /* ActiveTimerView.swift */ = {isa = PBXFileReference; lastKnownFileType = sourcecode.swift; path = ActiveTimerView.swift; sourceTree = "<group>"; };
		290C54F62B58184A00D0CD4C /* Assets.xcassets */ = {isa = PBXFileReference; lastKnownFileType = folder.assetcatalog; path = Assets.xcassets; sourceTree = "<group>"; };
		290C54F92B58184A00D0CD4C /* Preview Assets.xcassets */ = {isa = PBXFileReference; lastKnownFileType = folder.assetcatalog; path = "Preview Assets.xcassets"; sourceTree = "<group>"; };
		290C54FF2B58184A00D0CD4C /* RoundTimer Watch AppTests.xctest */ = {isa = PBXFileReference; explicitFileType = wrapper.cfbundle; includeInIndex = 0; path = "RoundTimer Watch AppTests.xctest"; sourceTree = BUILT_PRODUCTS_DIR; };
		290C55032B58184A00D0CD4C /* RoundTimer_Watch_AppTests.swift */ = {isa = PBXFileReference; lastKnownFileType = sourcecode.swift; path = RoundTimer_Watch_AppTests.swift; sourceTree = "<group>"; };
		290C55092B58184A00D0CD4C /* RoundTimer Watch AppUITests.xctest */ = {isa = PBXFileReference; explicitFileType = wrapper.cfbundle; includeInIndex = 0; path = "RoundTimer Watch AppUITests.xctest"; sourceTree = BUILT_PRODUCTS_DIR; };
		290C550D2B58184A00D0CD4C /* RoundTimer_Watch_AppUITests.swift */ = {isa = PBXFileReference; lastKnownFileType = sourcecode.swift; path = RoundTimer_Watch_AppUITests.swift; sourceTree = "<group>"; };
		290C550F2B58184A00D0CD4C /* RoundTimer_Watch_AppUITestsLaunchTests.swift */ = {isa = PBXFileReference; lastKnownFileType = sourcecode.swift; path = RoundTimer_Watch_AppUITestsLaunchTests.swift; sourceTree = "<group>"; };
		290C55202B581B0100D0CD4C /* SelectEMOMView.swift */ = {isa = PBXFileReference; lastKnownFileType = sourcecode.swift; path = SelectEMOMView.swift; sourceTree = "<group>"; };
		290C55222B581E7200D0CD4C /* RoundsStepView.swift */ = {isa = PBXFileReference; lastKnownFileType = sourcecode.swift; path = RoundsStepView.swift; sourceTree = "<group>"; };
		290C55262B582BD900D0CD4C /* TimerPickerStepView.swift */ = {isa = PBXFileReference; lastKnownFileType = sourcecode.swift; path = TimerPickerStepView.swift; sourceTree = "<group>"; };
		291FC3D12B72C1A300546DB7 /* RoundTimer Watch App.entitlements */ = {isa = PBXFileReference; lastKnownFileType = text.plist.entitlements; path = "RoundTimer Watch App.entitlements"; sourceTree = "<group>"; };
		2934BE752B5C206300B65361 /* EMOMTimerView.swift */ = {isa = PBXFileReference; lastKnownFileType = sourcecode.swift; path = EMOMTimerView.swift; sourceTree = "<group>"; };
		2934BE782B5C232800B65361 /* Emom.swift */ = {isa = PBXFileReference; lastKnownFileType = sourcecode.swift; path = Emom.swift; sourceTree = "<group>"; };
		2934BE7B2B5C23C600B65361 /* EmomUT.swift */ = {isa = PBXFileReference; lastKnownFileType = sourcecode.swift; path = EmomUT.swift; sourceTree = "<group>"; };
		2934BE7F2B5C36B700B65361 /* EMOMTimerListView.swift */ = {isa = PBXFileReference; lastKnownFileType = sourcecode.swift; path = EMOMTimerListView.swift; sourceTree = "<group>"; };
		2949C4E22B769DCC00F9B88A /* ColorsAndFonts.swift */ = {isa = PBXFileReference; lastKnownFileType = sourcecode.swift; path = ColorsAndFonts.swift; sourceTree = "<group>"; };
		297179562B7D132900048F40 /* HapticManager.swift */ = {isa = PBXFileReference; lastKnownFileType = sourcecode.swift; path = HapticManager.swift; sourceTree = "<group>"; };
		2971C6932B62A77A00D1BF24 /* EMOMViewModelUT.swift */ = {isa = PBXFileReference; lastKnownFileType = sourcecode.swift; path = EMOMViewModelUT.swift; sourceTree = "<group>"; };
		29A057692B7436AC007E00AD /* EMOMView.swift */ = {isa = PBXFileReference; fileEncoding = 4; lastKnownFileType = sourcecode.swift; path = EMOMView.swift; sourceTree = "<group>"; };
		29A0576A2B7436AC007E00AD /* EMOMViewModel.swift */ = {isa = PBXFileReference; fileEncoding = 4; lastKnownFileType = sourcecode.swift; path = EMOMViewModel.swift; sourceTree = "<group>"; };
		29A3195C2B8380E2005A26BC /* AudioManager.swift */ = {isa = PBXFileReference; lastKnownFileType = sourcecode.swift; path = AudioManager.swift; sourceTree = "<group>"; };
		29C058EE2B6C1BD800F82CB2 /* VibrationView.swift */ = {isa = PBXFileReference; lastKnownFileType = sourcecode.swift; path = VibrationView.swift; sourceTree = "<group>"; };
		29CEC11A2B8625E500C6E0A4 /* RoundTimer Watch App.xctestplan */ = {isa = PBXFileReference; lastKnownFileType = text; path = "RoundTimer Watch App.xctestplan"; sourceTree = "<group>"; };
		29E484292B6FA9FB007FF670 /* RoundTimer-Watch-App-Info.plist */ = {isa = PBXFileReference; lastKnownFileType = text.plist; path = "RoundTimer-Watch-App-Info.plist"; sourceTree = SOURCE_ROOT; };
		29EB21FB2B83A5FD00261DDD /* start.mp3 */ = {isa = PBXFileReference; lastKnownFileType = audio.mp3; path = start.mp3; sourceTree = "<group>"; };
		29EB21FD2B83A60E00261DDD /* rest.mp3 */ = {isa = PBXFileReference; lastKnownFileType = audio.mp3; path = rest.mp3; sourceTree = "<group>"; };
		29EB21FF2B83A62000261DDD /* work.mp3 */ = {isa = PBXFileReference; lastKnownFileType = audio.mp3; path = work.mp3; sourceTree = "<group>"; };
		29EB22012B83AE4700261DDD /* CountdownView.swift */ = {isa = PBXFileReference; lastKnownFileType = sourcecode.swift; path = CountdownView.swift; sourceTree = "<group>"; };
		29EB22032B83C95100261DDD /* finish.mp3 */ = {isa = PBXFileReference; lastKnownFileType = audio.mp3; path = finish.mp3; sourceTree = "<group>"; };
/* End PBXFileReference section */

/* Begin PBXFrameworksBuildPhase section */
		290C54EA2B58184800D0CD4C /* Frameworks */ = {
			isa = PBXFrameworksBuildPhase;
			buildActionMask = 2147483647;
			files = (
			);
			runOnlyForDeploymentPostprocessing = 0;
		};
		290C54FC2B58184A00D0CD4C /* Frameworks */ = {
			isa = PBXFrameworksBuildPhase;
			buildActionMask = 2147483647;
			files = (
			);
			runOnlyForDeploymentPostprocessing = 0;
		};
		290C55062B58184A00D0CD4C /* Frameworks */ = {
			isa = PBXFrameworksBuildPhase;
			buildActionMask = 2147483647;
			files = (
			);
			runOnlyForDeploymentPostprocessing = 0;
		};
/* End PBXFrameworksBuildPhase section */

/* Begin PBXGroup section */
		290C54E02B58184800D0CD4C = {
			isa = PBXGroup;
			children = (
				29CEC11A2B8625E500C6E0A4 /* RoundTimer Watch App.xctestplan */,
				290C54F12B58184800D0CD4C /* RoundTimer Watch App */,
				290C55022B58184A00D0CD4C /* RoundTimer Watch AppTests */,
				290C550C2B58184A00D0CD4C /* RoundTimer Watch AppUITests */,
				290C54E82B58184800D0CD4C /* Products */,
			);
			sourceTree = "<group>";
		};
		290C54E82B58184800D0CD4C /* Products */ = {
			isa = PBXGroup;
			children = (
				290C54E72B58184800D0CD4C /* RoundTimer.app */,
				290C54ED2B58184800D0CD4C /* RoundTimer Watch App.app */,
				290C54FF2B58184A00D0CD4C /* RoundTimer Watch AppTests.xctest */,
				290C55092B58184A00D0CD4C /* RoundTimer Watch AppUITests.xctest */,
			);
			name = Products;
			sourceTree = "<group>";
		};
		290C54F12B58184800D0CD4C /* RoundTimer Watch App */ = {
			isa = PBXGroup;
			children = (
				29EB21FA2B83A5EB00261DDD /* Resources */,
				297179552B7D131300048F40 /* Managers */,
				2949C4E12B769DB400F9B88A /* Styles */,
				291FC3D12B72C1A300546DB7 /* RoundTimer Watch App.entitlements */,
				29E484292B6FA9FB007FF670 /* RoundTimer-Watch-App-Info.plist */,
				290C54F22B58184800D0CD4C /* RoundTimerApp.swift */,
				2934BE7D2B5C367200B65361 /* Views */,
				290C54F62B58184A00D0CD4C /* Assets.xcassets */,
				2934BE772B5C22EB00B65361 /* Model */,
				290C54F82B58184A00D0CD4C /* Preview Content */,
			);
			path = "RoundTimer Watch App";
			sourceTree = "<group>";
		};
		290C54F82B58184A00D0CD4C /* Preview Content */ = {
			isa = PBXGroup;
			children = (
				290C54F92B58184A00D0CD4C /* Preview Assets.xcassets */,
			);
			path = "Preview Content";
			sourceTree = "<group>";
		};
		290C55022B58184A00D0CD4C /* RoundTimer Watch AppTests */ = {
			isa = PBXGroup;
			children = (
				2971C68F2B62A6F800D1BF24 /* Views */,
				2934BE7A2B5C234200B65361 /* Model */,
				290C55032B58184A00D0CD4C /* RoundTimer_Watch_AppTests.swift */,
			);
			path = "RoundTimer Watch AppTests";
			sourceTree = "<group>";
		};
		290C550C2B58184A00D0CD4C /* RoundTimer Watch AppUITests */ = {
			isa = PBXGroup;
			children = (
				290C550D2B58184A00D0CD4C /* RoundTimer_Watch_AppUITests.swift */,
				290C550F2B58184A00D0CD4C /* RoundTimer_Watch_AppUITestsLaunchTests.swift */,
			);
			path = "RoundTimer Watch AppUITests";
			sourceTree = "<group>";
		};
		2934BE772B5C22EB00B65361 /* Model */ = {
			isa = PBXGroup;
			children = (
				2934BE782B5C232800B65361 /* Emom.swift */,
			);
			path = Model;
			sourceTree = "<group>";
		};
		2934BE7A2B5C234200B65361 /* Model */ = {
			isa = PBXGroup;
			children = (
				2934BE7B2B5C23C600B65361 /* EmomUT.swift */,
			);
			path = Model;
			sourceTree = "<group>";
		};
		2934BE7D2B5C367200B65361 /* Views */ = {
			isa = PBXGroup;
			children = (
				29C058EE2B6C1BD800F82CB2 /* VibrationView.swift */,
				2934BE812B5C41E300B65361 /* EMOM */,
			);
			path = Views;
			sourceTree = "<group>";
		};
		2934BE7E2B5C368800B65361 /* EMOMTimerListView */ = {
			isa = PBXGroup;
			children = (
				2934BE7F2B5C36B700B65361 /* EMOMTimerListView.swift */,
				2934BE752B5C206300B65361 /* EMOMTimerView.swift */,
			);
			path = EMOMTimerListView;
			sourceTree = "<group>";
		};
		2934BE812B5C41E300B65361 /* EMOM */ = {
			isa = PBXGroup;
			children = (
				2971C68B2B629E9E00D1BF24 /* ActiveTimerView */,
			);
			path = EMOM;
			sourceTree = "<group>";
		};
		2937F0E72B6954E800758E47 /* SelectEMOMView */ = {
			isa = PBXGroup;
			children = (
				290C55202B581B0100D0CD4C /* SelectEMOMView.swift */,
				290C55222B581E7200D0CD4C /* RoundsStepView.swift */,
				290C55262B582BD900D0CD4C /* TimerPickerStepView.swift */,
				2934BE7E2B5C368800B65361 /* EMOMTimerListView */,
			);
			path = SelectEMOMView;
			sourceTree = "<group>";
		};
		2949C4E12B769DB400F9B88A /* Styles */ = {
			isa = PBXGroup;
			children = (
				2949C4E22B769DCC00F9B88A /* ColorsAndFonts.swift */,
			);
			path = Styles;
			sourceTree = "<group>";
		};
		297179552B7D131300048F40 /* Managers */ = {
			isa = PBXGroup;
			children = (
				297179562B7D132900048F40 /* HapticManager.swift */,
				29A3195C2B8380E2005A26BC /* AudioManager.swift */,
			);
			path = Managers;
			sourceTree = "<group>";
		};
		2971C68B2B629E9E00D1BF24 /* ActiveTimerView */ = {
			isa = PBXGroup;
			children = (
				290C54F42B58184800D0CD4C /* ActiveTimerView.swift */,
				2971C68C2B629EB400D1BF24 /* EMOMView */,
				2937F0E72B6954E800758E47 /* SelectEMOMView */,
			);
			path = ActiveTimerView;
			sourceTree = "<group>";
		};
		2971C68C2B629EB400D1BF24 /* EMOMView */ = {
			isa = PBXGroup;
			children = (
				29A0576A2B7436AC007E00AD /* EMOMViewModel.swift */,
				29A057692B7436AC007E00AD /* EMOMView.swift */,
				29EB22012B83AE4700261DDD /* CountdownView.swift */,
			);
			path = EMOMView;
			sourceTree = "<group>";
		};
		2971C68F2B62A6F800D1BF24 /* Views */ = {
			isa = PBXGroup;
			children = (
				2971C6902B62A71500D1BF24 /* EMOM */,
			);
			path = Views;
			sourceTree = "<group>";
		};
		2971C6902B62A71500D1BF24 /* EMOM */ = {
			isa = PBXGroup;
			children = (
				2971C6912B62A73900D1BF24 /* ActiveTimerView */,
			);
			path = EMOM;
			sourceTree = "<group>";
		};
		2971C6912B62A73900D1BF24 /* ActiveTimerView */ = {
			isa = PBXGroup;
			children = (
				2971C6922B62A74C00D1BF24 /* EMOMView */,
			);
			path = ActiveTimerView;
			sourceTree = "<group>";
		};
		2971C6922B62A74C00D1BF24 /* EMOMView */ = {
			isa = PBXGroup;
			children = (
				2971C6932B62A77A00D1BF24 /* EMOMViewModelUT.swift */,
				290AC81D2B7E0FB7005A26E0 /* EMOMViewModeNoRestlUT.swift */,
			);
			path = EMOMView;
			sourceTree = "<group>";
		};
		29EB21FA2B83A5EB00261DDD /* Resources */ = {
			isa = PBXGroup;
			children = (
				29EB21FB2B83A5FD00261DDD /* start.mp3 */,
				29EB21FD2B83A60E00261DDD /* rest.mp3 */,
				29EB21FF2B83A62000261DDD /* work.mp3 */,
				29EB22032B83C95100261DDD /* finish.mp3 */,
			);
			path = Resources;
			sourceTree = "<group>";
		};
/* End PBXGroup section */

/* Begin PBXNativeTarget section */
		290C54E62B58184800D0CD4C /* RoundTimer */ = {
			isa = PBXNativeTarget;
			buildConfigurationList = 290C55172B58184A00D0CD4C /* Build configuration list for PBXNativeTarget "RoundTimer" */;
			buildPhases = (
				290C54E52B58184800D0CD4C /* Resources */,
				290C55162B58184A00D0CD4C /* Embed Watch Content */,
			);
			buildRules = (
			);
			dependencies = (
				290C54F02B58184800D0CD4C /* PBXTargetDependency */,
			);
			name = RoundTimer;
			productName = RoundTimer;
			productReference = 290C54E72B58184800D0CD4C /* RoundTimer.app */;
			productType = "com.apple.product-type.application.watchapp2-container";
		};
		290C54EC2B58184800D0CD4C /* RoundTimer Watch App */ = {
			isa = PBXNativeTarget;
			buildConfigurationList = 290C55132B58184A00D0CD4C /* Build configuration list for PBXNativeTarget "RoundTimer Watch App" */;
			buildPhases = (
				290C54E92B58184800D0CD4C /* Sources */,
				290C54EA2B58184800D0CD4C /* Frameworks */,
				290C54EB2B58184800D0CD4C /* Resources */,
			);
			buildRules = (
			);
			dependencies = (
			);
			name = "RoundTimer Watch App";
			productName = "RoundTimer Watch App";
			productReference = 290C54ED2B58184800D0CD4C /* RoundTimer Watch App.app */;
			productType = "com.apple.product-type.application";
		};
		290C54FE2B58184A00D0CD4C /* RoundTimer Watch AppTests */ = {
			isa = PBXNativeTarget;
			buildConfigurationList = 290C551A2B58184A00D0CD4C /* Build configuration list for PBXNativeTarget "RoundTimer Watch AppTests" */;
			buildPhases = (
				290C54FB2B58184A00D0CD4C /* Sources */,
				290C54FC2B58184A00D0CD4C /* Frameworks */,
				290C54FD2B58184A00D0CD4C /* Resources */,
			);
			buildRules = (
			);
			dependencies = (
				290C55012B58184A00D0CD4C /* PBXTargetDependency */,
			);
			name = "RoundTimer Watch AppTests";
			productName = "RoundTimer Watch AppTests";
			productReference = 290C54FF2B58184A00D0CD4C /* RoundTimer Watch AppTests.xctest */;
			productType = "com.apple.product-type.bundle.unit-test";
		};
		290C55082B58184A00D0CD4C /* RoundTimer Watch AppUITests */ = {
			isa = PBXNativeTarget;
			buildConfigurationList = 290C551D2B58184A00D0CD4C /* Build configuration list for PBXNativeTarget "RoundTimer Watch AppUITests" */;
			buildPhases = (
				290C55052B58184A00D0CD4C /* Sources */,
				290C55062B58184A00D0CD4C /* Frameworks */,
				290C55072B58184A00D0CD4C /* Resources */,
			);
			buildRules = (
			);
			dependencies = (
				290C550B2B58184A00D0CD4C /* PBXTargetDependency */,
			);
			name = "RoundTimer Watch AppUITests";
			productName = "RoundTimer Watch AppUITests";
			productReference = 290C55092B58184A00D0CD4C /* RoundTimer Watch AppUITests.xctest */;
			productType = "com.apple.product-type.bundle.ui-testing";
		};
/* End PBXNativeTarget section */

/* Begin PBXProject section */
		290C54E12B58184800D0CD4C /* Project object */ = {
			isa = PBXProject;
			attributes = {
				BuildIndependentTargetsInParallel = 1;
				LastSwiftUpdateCheck = 1500;
				LastUpgradeCheck = 1500;
				TargetAttributes = {
					290C54E62B58184800D0CD4C = {
						CreatedOnToolsVersion = 15.0.1;
					};
					290C54EC2B58184800D0CD4C = {
						CreatedOnToolsVersion = 15.0.1;
					};
					290C54FE2B58184A00D0CD4C = {
						CreatedOnToolsVersion = 15.0.1;
						TestTargetID = 290C54EC2B58184800D0CD4C;
					};
					290C55082B58184A00D0CD4C = {
						CreatedOnToolsVersion = 15.0.1;
						TestTargetID = 290C54EC2B58184800D0CD4C;
					};
				};
			};
			buildConfigurationList = 290C54E42B58184800D0CD4C /* Build configuration list for PBXProject "RoundTimer" */;
			compatibilityVersion = "Xcode 14.0";
			developmentRegion = en;
			hasScannedForEncodings = 0;
			knownRegions = (
				en,
				Base,
			);
			mainGroup = 290C54E02B58184800D0CD4C;
			productRefGroup = 290C54E82B58184800D0CD4C /* Products */;
			projectDirPath = "";
			projectRoot = "";
			targets = (
				290C54E62B58184800D0CD4C /* RoundTimer */,
				290C54EC2B58184800D0CD4C /* RoundTimer Watch App */,
				290C54FE2B58184A00D0CD4C /* RoundTimer Watch AppTests */,
				290C55082B58184A00D0CD4C /* RoundTimer Watch AppUITests */,
			);
		};
/* End PBXProject section */

/* Begin PBXResourcesBuildPhase section */
		290C54E52B58184800D0CD4C /* Resources */ = {
			isa = PBXResourcesBuildPhase;
			buildActionMask = 2147483647;
			files = (
			);
			runOnlyForDeploymentPostprocessing = 0;
		};
		290C54EB2B58184800D0CD4C /* Resources */ = {
			isa = PBXResourcesBuildPhase;
			buildActionMask = 2147483647;
			files = (
				29EB21FE2B83A60E00261DDD /* rest.mp3 in Resources */,
				29EB22002B83A62000261DDD /* work.mp3 in Resources */,
				290C54FA2B58184A00D0CD4C /* Preview Assets.xcassets in Resources */,
				29EB22042B83C95100261DDD /* finish.mp3 in Resources */,
				29EB21FC2B83A5FD00261DDD /* start.mp3 in Resources */,
				290C54F72B58184A00D0CD4C /* Assets.xcassets in Resources */,
			);
			runOnlyForDeploymentPostprocessing = 0;
		};
		290C54FD2B58184A00D0CD4C /* Resources */ = {
			isa = PBXResourcesBuildPhase;
			buildActionMask = 2147483647;
			files = (
			);
			runOnlyForDeploymentPostprocessing = 0;
		};
		290C55072B58184A00D0CD4C /* Resources */ = {
			isa = PBXResourcesBuildPhase;
			buildActionMask = 2147483647;
			files = (
			);
			runOnlyForDeploymentPostprocessing = 0;
		};
/* End PBXResourcesBuildPhase section */

/* Begin PBXSourcesBuildPhase section */
		290C54E92B58184800D0CD4C /* Sources */ = {
			isa = PBXSourcesBuildPhase;
			buildActionMask = 2147483647;
			files = (
				2934BE802B5C36B700B65361 /* EMOMTimerListView.swift in Sources */,
				2934BE792B5C232800B65361 /* Emom.swift in Sources */,
				29A0576B2B7436AC007E00AD /* EMOMView.swift in Sources */,
				2949C4E32B769DCC00F9B88A /* ColorsAndFonts.swift in Sources */,
				2934BE762B5C206300B65361 /* EMOMTimerView.swift in Sources */,
				29A0576C2B7436AC007E00AD /* EMOMViewModel.swift in Sources */,
				29EB22022B83AE4700261DDD /* CountdownView.swift in Sources */,
				290C54F52B58184800D0CD4C /* ActiveTimerView.swift in Sources */,
				297179572B7D132900048F40 /* HapticManager.swift in Sources */,
				29A3195D2B8380E2005A26BC /* AudioManager.swift in Sources */,
				290C55272B582BD900D0CD4C /* TimerPickerStepView.swift in Sources */,
				290C55232B581E7200D0CD4C /* RoundsStepView.swift in Sources */,
				290C55212B581B0100D0CD4C /* SelectEMOMView.swift in Sources */,
				29C058EF2B6C1BD900F82CB2 /* VibrationView.swift in Sources */,
				290C54F32B58184800D0CD4C /* RoundTimerApp.swift in Sources */,
			);
			runOnlyForDeploymentPostprocessing = 0;
		};
		290C54FB2B58184A00D0CD4C /* Sources */ = {
			isa = PBXSourcesBuildPhase;
			buildActionMask = 2147483647;
			files = (
				290AC81E2B7E0FB7005A26E0 /* EMOMViewModeNoRestlUT.swift in Sources */,
				2971C6942B62A77A00D1BF24 /* EMOMViewModelUT.swift in Sources */,
				2934BE7C2B5C23C600B65361 /* EmomUT.swift in Sources */,
				290C55042B58184A00D0CD4C /* RoundTimer_Watch_AppTests.swift in Sources */,
			);
			runOnlyForDeploymentPostprocessing = 0;
		};
		290C55052B58184A00D0CD4C /* Sources */ = {
			isa = PBXSourcesBuildPhase;
			buildActionMask = 2147483647;
			files = (
				290C550E2B58184A00D0CD4C /* RoundTimer_Watch_AppUITests.swift in Sources */,
				290C55102B58184A00D0CD4C /* RoundTimer_Watch_AppUITestsLaunchTests.swift in Sources */,
			);
			runOnlyForDeploymentPostprocessing = 0;
		};
/* End PBXSourcesBuildPhase section */

/* Begin PBXTargetDependency section */
		290C54F02B58184800D0CD4C /* PBXTargetDependency */ = {
			isa = PBXTargetDependency;
			target = 290C54EC2B58184800D0CD4C /* RoundTimer Watch App */;
			targetProxy = 290C54EF2B58184800D0CD4C /* PBXContainerItemProxy */;
		};
		290C55012B58184A00D0CD4C /* PBXTargetDependency */ = {
			isa = PBXTargetDependency;
			target = 290C54EC2B58184800D0CD4C /* RoundTimer Watch App */;
			targetProxy = 290C55002B58184A00D0CD4C /* PBXContainerItemProxy */;
		};
		290C550B2B58184A00D0CD4C /* PBXTargetDependency */ = {
			isa = PBXTargetDependency;
			target = 290C54EC2B58184800D0CD4C /* RoundTimer Watch App */;
			targetProxy = 290C550A2B58184A00D0CD4C /* PBXContainerItemProxy */;
		};
/* End PBXTargetDependency section */

/* Begin XCBuildConfiguration section */
		290C55112B58184A00D0CD4C /* Debug */ = {
			isa = XCBuildConfiguration;
			buildSettings = {
				ALWAYS_SEARCH_USER_PATHS = NO;
				ASSETCATALOG_COMPILER_GENERATE_SWIFT_ASSET_SYMBOL_EXTENSIONS = YES;
				CLANG_ANALYZER_NONNULL = YES;
				CLANG_ANALYZER_NUMBER_OBJECT_CONVERSION = YES_AGGRESSIVE;
				CLANG_CXX_LANGUAGE_STANDARD = "gnu++20";
				CLANG_ENABLE_MODULES = YES;
				CLANG_ENABLE_OBJC_ARC = YES;
				CLANG_ENABLE_OBJC_WEAK = YES;
				CLANG_WARN_BLOCK_CAPTURE_AUTORELEASING = YES;
				CLANG_WARN_BOOL_CONVERSION = YES;
				CLANG_WARN_COMMA = YES;
				CLANG_WARN_CONSTANT_CONVERSION = YES;
				CLANG_WARN_DEPRECATED_OBJC_IMPLEMENTATIONS = YES;
				CLANG_WARN_DIRECT_OBJC_ISA_USAGE = YES_ERROR;
				CLANG_WARN_DOCUMENTATION_COMMENTS = YES;
				CLANG_WARN_EMPTY_BODY = YES;
				CLANG_WARN_ENUM_CONVERSION = YES;
				CLANG_WARN_INFINITE_RECURSION = YES;
				CLANG_WARN_INT_CONVERSION = YES;
				CLANG_WARN_NON_LITERAL_NULL_CONVERSION = YES;
				CLANG_WARN_OBJC_IMPLICIT_RETAIN_SELF = YES;
				CLANG_WARN_OBJC_LITERAL_CONVERSION = YES;
				CLANG_WARN_OBJC_ROOT_CLASS = YES_ERROR;
				CLANG_WARN_QUOTED_INCLUDE_IN_FRAMEWORK_HEADER = YES;
				CLANG_WARN_RANGE_LOOP_ANALYSIS = YES;
				CLANG_WARN_STRICT_PROTOTYPES = YES;
				CLANG_WARN_SUSPICIOUS_MOVE = YES;
				CLANG_WARN_UNGUARDED_AVAILABILITY = YES_AGGRESSIVE;
				CLANG_WARN_UNREACHABLE_CODE = YES;
				CLANG_WARN__DUPLICATE_METHOD_MATCH = YES;
				COPY_PHASE_STRIP = NO;
				DEBUG_INFORMATION_FORMAT = dwarf;
				ENABLE_STRICT_OBJC_MSGSEND = YES;
				ENABLE_TESTABILITY = YES;
				ENABLE_USER_SCRIPT_SANDBOXING = YES;
				GCC_C_LANGUAGE_STANDARD = gnu17;
				GCC_DYNAMIC_NO_PIC = NO;
				GCC_NO_COMMON_BLOCKS = YES;
				GCC_OPTIMIZATION_LEVEL = 0;
				GCC_PREPROCESSOR_DEFINITIONS = (
					"DEBUG=1",
					"$(inherited)",
				);
				GCC_WARN_64_TO_32_BIT_CONVERSION = YES;
				GCC_WARN_ABOUT_RETURN_TYPE = YES_ERROR;
				GCC_WARN_UNDECLARED_SELECTOR = YES;
				GCC_WARN_UNINITIALIZED_AUTOS = YES_AGGRESSIVE;
				GCC_WARN_UNUSED_FUNCTION = YES;
				GCC_WARN_UNUSED_VARIABLE = YES;
				IPHONEOS_DEPLOYMENT_TARGET = 17.0;
				LOCALIZATION_PREFERS_STRING_CATALOGS = YES;
				MTL_ENABLE_DEBUG_INFO = INCLUDE_SOURCE;
				MTL_FAST_MATH = YES;
				ONLY_ACTIVE_ARCH = YES;
				SWIFT_ACTIVE_COMPILATION_CONDITIONS = "DEBUG $(inherited)";
				SWIFT_OPTIMIZATION_LEVEL = "-Onone";
				WATCHOS_DEPLOYMENT_TARGET = 10.0;
			};
			name = Debug;
		};
		290C55122B58184A00D0CD4C /* Release */ = {
			isa = XCBuildConfiguration;
			buildSettings = {
				ALWAYS_SEARCH_USER_PATHS = NO;
				ASSETCATALOG_COMPILER_GENERATE_SWIFT_ASSET_SYMBOL_EXTENSIONS = YES;
				CLANG_ANALYZER_NONNULL = YES;
				CLANG_ANALYZER_NUMBER_OBJECT_CONVERSION = YES_AGGRESSIVE;
				CLANG_CXX_LANGUAGE_STANDARD = "gnu++20";
				CLANG_ENABLE_MODULES = YES;
				CLANG_ENABLE_OBJC_ARC = YES;
				CLANG_ENABLE_OBJC_WEAK = YES;
				CLANG_WARN_BLOCK_CAPTURE_AUTORELEASING = YES;
				CLANG_WARN_BOOL_CONVERSION = YES;
				CLANG_WARN_COMMA = YES;
				CLANG_WARN_CONSTANT_CONVERSION = YES;
				CLANG_WARN_DEPRECATED_OBJC_IMPLEMENTATIONS = YES;
				CLANG_WARN_DIRECT_OBJC_ISA_USAGE = YES_ERROR;
				CLANG_WARN_DOCUMENTATION_COMMENTS = YES;
				CLANG_WARN_EMPTY_BODY = YES;
				CLANG_WARN_ENUM_CONVERSION = YES;
				CLANG_WARN_INFINITE_RECURSION = YES;
				CLANG_WARN_INT_CONVERSION = YES;
				CLANG_WARN_NON_LITERAL_NULL_CONVERSION = YES;
				CLANG_WARN_OBJC_IMPLICIT_RETAIN_SELF = YES;
				CLANG_WARN_OBJC_LITERAL_CONVERSION = YES;
				CLANG_WARN_OBJC_ROOT_CLASS = YES_ERROR;
				CLANG_WARN_QUOTED_INCLUDE_IN_FRAMEWORK_HEADER = YES;
				CLANG_WARN_RANGE_LOOP_ANALYSIS = YES;
				CLANG_WARN_STRICT_PROTOTYPES = YES;
				CLANG_WARN_SUSPICIOUS_MOVE = YES;
				CLANG_WARN_UNGUARDED_AVAILABILITY = YES_AGGRESSIVE;
				CLANG_WARN_UNREACHABLE_CODE = YES;
				CLANG_WARN__DUPLICATE_METHOD_MATCH = YES;
				COPY_PHASE_STRIP = NO;
				DEBUG_INFORMATION_FORMAT = "dwarf-with-dsym";
				ENABLE_NS_ASSERTIONS = NO;
				ENABLE_STRICT_OBJC_MSGSEND = YES;
				ENABLE_USER_SCRIPT_SANDBOXING = YES;
				GCC_C_LANGUAGE_STANDARD = gnu17;
				GCC_NO_COMMON_BLOCKS = YES;
				GCC_WARN_64_TO_32_BIT_CONVERSION = YES;
				GCC_WARN_ABOUT_RETURN_TYPE = YES_ERROR;
				GCC_WARN_UNDECLARED_SELECTOR = YES;
				GCC_WARN_UNINITIALIZED_AUTOS = YES_AGGRESSIVE;
				GCC_WARN_UNUSED_FUNCTION = YES;
				GCC_WARN_UNUSED_VARIABLE = YES;
				IPHONEOS_DEPLOYMENT_TARGET = 17.0;
				LOCALIZATION_PREFERS_STRING_CATALOGS = YES;
				MTL_ENABLE_DEBUG_INFO = NO;
				MTL_FAST_MATH = YES;
				SWIFT_COMPILATION_MODE = wholemodule;
				WATCHOS_DEPLOYMENT_TARGET = 10.0;
			};
			name = Release;
		};
		290C55142B58184A00D0CD4C /* Debug */ = {
			isa = XCBuildConfiguration;
			buildSettings = {
				ASSETCATALOG_COMPILER_APPICON_NAME = AppIcon;
				ASSETCATALOG_COMPILER_GLOBAL_ACCENT_COLOR_NAME = AccentColor;
				CODE_SIGN_ENTITLEMENTS = "RoundTimer Watch App/RoundTimer Watch App.entitlements";
				CODE_SIGN_STYLE = Automatic;
				CURRENT_PROJECT_VERSION = 2;
				DEVELOPMENT_ASSET_PATHS = "\"RoundTimer Watch App/Preview Content\"";
				DEVELOPMENT_TEAM = 7ZPDPWR8XU;
				ENABLE_PREVIEWS = YES;
				GENERATE_INFOPLIST_FILE = YES;
				INFOPLIST_FILE = "RoundTimer-Watch-App-Info.plist";
				INFOPLIST_KEY_CFBundleDisplayName = RoundTimer;
				INFOPLIST_KEY_NSHealthShareUsageDescription = "We need access to your health data to share fitness information with other apps and services.";
				INFOPLIST_KEY_NSHealthUpdateUsageDescription = "Your app needs access to health data updates to provide personalized fitness insights and track your activity progress.";
				INFOPLIST_KEY_UISupportedInterfaceOrientations = "UIInterfaceOrientationPortrait UIInterfaceOrientationPortraitUpsideDown";
				INFOPLIST_KEY_WKWatchOnly = YES;
				LD_RUNPATH_SEARCH_PATHS = (
					"$(inherited)",
					"@executable_path/Frameworks",
				);
				MARKETING_VERSION = 1.0;
				PRODUCT_BUNDLE_IDENTIFIER = jca.RoundTimer.watchkitapp;
				PRODUCT_NAME = "$(TARGET_NAME)";
				SDKROOT = watchos;
				SKIP_INSTALL = YES;
				SWIFT_EMIT_LOC_STRINGS = YES;
				SWIFT_VERSION = 5.0;
				TARGETED_DEVICE_FAMILY = 4;
				WATCHOS_DEPLOYMENT_TARGET = 10.0;
			};
			name = Debug;
		};
		290C55152B58184A00D0CD4C /* Release */ = {
			isa = XCBuildConfiguration;
			buildSettings = {
				ASSETCATALOG_COMPILER_APPICON_NAME = AppIcon;
				ASSETCATALOG_COMPILER_GLOBAL_ACCENT_COLOR_NAME = AccentColor;
				CODE_SIGN_ENTITLEMENTS = "RoundTimer Watch App/RoundTimer Watch App.entitlements";
				CODE_SIGN_STYLE = Automatic;
				CURRENT_PROJECT_VERSION = 2;
				DEVELOPMENT_ASSET_PATHS = "\"RoundTimer Watch App/Preview Content\"";
				DEVELOPMENT_TEAM = 7ZPDPWR8XU;
				ENABLE_PREVIEWS = YES;
				GENERATE_INFOPLIST_FILE = YES;
				INFOPLIST_FILE = "RoundTimer-Watch-App-Info.plist";
				INFOPLIST_KEY_CFBundleDisplayName = RoundTimer;
				INFOPLIST_KEY_NSHealthShareUsageDescription = "We need access to your health data to share fitness information with other apps and services.";
				INFOPLIST_KEY_NSHealthUpdateUsageDescription = "Your app needs access to health data updates to provide personalized fitness insights and track your activity progress.";
				INFOPLIST_KEY_UISupportedInterfaceOrientations = "UIInterfaceOrientationPortrait UIInterfaceOrientationPortraitUpsideDown";
				INFOPLIST_KEY_WKWatchOnly = YES;
				LD_RUNPATH_SEARCH_PATHS = (
					"$(inherited)",
					"@executable_path/Frameworks",
				);
				MARKETING_VERSION = 1.0;
				PRODUCT_BUNDLE_IDENTIFIER = jca.RoundTimer.watchkitapp;
				PRODUCT_NAME = "$(TARGET_NAME)";
				SDKROOT = watchos;
				SKIP_INSTALL = YES;
				SWIFT_EMIT_LOC_STRINGS = YES;
				SWIFT_VERSION = 5.0;
				TARGETED_DEVICE_FAMILY = 4;
				VALIDATE_PRODUCT = YES;
				WATCHOS_DEPLOYMENT_TARGET = 10.0;
			};
			name = Release;
		};
		290C55182B58184A00D0CD4C /* Debug */ = {
			isa = XCBuildConfiguration;
			buildSettings = {
				ALWAYS_EMBED_SWIFT_STANDARD_LIBRARIES = YES;
				CODE_SIGN_STYLE = Automatic;
				CURRENT_PROJECT_VERSION = 7;
				DEVELOPMENT_TEAM = 7ZPDPWR8XU;
				INFOPLIST_KEY_CFBundleDisplayName = RoundTimer;
				MARKETING_VERSION = 1.0;
				PRODUCT_BUNDLE_IDENTIFIER = jca.RoundTimer;
				PRODUCT_NAME = "$(TARGET_NAME)";
				SDKROOT = iphoneos;
				SWIFT_VERSION = 5.0;
			};
			name = Debug;
		};
		290C55192B58184A00D0CD4C /* Release */ = {
			isa = XCBuildConfiguration;
			buildSettings = {
				ALWAYS_EMBED_SWIFT_STANDARD_LIBRARIES = YES;
				CODE_SIGN_STYLE = Automatic;
				CURRENT_PROJECT_VERSION = 7;
				DEVELOPMENT_TEAM = 7ZPDPWR8XU;
				INFOPLIST_KEY_CFBundleDisplayName = RoundTimer;
				MARKETING_VERSION = 1.0;
				PRODUCT_BUNDLE_IDENTIFIER = jca.RoundTimer;
				PRODUCT_NAME = "$(TARGET_NAME)";
				SDKROOT = iphoneos;
				SWIFT_VERSION = 5.0;
				VALIDATE_PRODUCT = YES;
			};
			name = Release;
		};
		290C551B2B58184A00D0CD4C /* Debug */ = {
			isa = XCBuildConfiguration;
			buildSettings = {
				ALWAYS_EMBED_SWIFT_STANDARD_LIBRARIES = YES;
				BUNDLE_LOADER = "$(TEST_HOST)";
				CODE_SIGN_STYLE = Automatic;
				CURRENT_PROJECT_VERSION = 2;
				GENERATE_INFOPLIST_FILE = YES;
				MARKETING_VERSION = 1.0;
				PRODUCT_BUNDLE_IDENTIFIER = "jca.RoundTimer-Watch-AppTests";
				PRODUCT_NAME = "$(TARGET_NAME)";
				SDKROOT = watchos;
				SWIFT_EMIT_LOC_STRINGS = NO;
				SWIFT_VERSION = 5.0;
				TARGETED_DEVICE_FAMILY = 4;
				TEST_HOST = "$(BUILT_PRODUCTS_DIR)/RoundTimer Watch App.app/$(BUNDLE_EXECUTABLE_FOLDER_PATH)/RoundTimer Watch App";
				WATCHOS_DEPLOYMENT_TARGET = 10.0;
			};
			name = Debug;
		};
		290C551C2B58184A00D0CD4C /* Release */ = {
			isa = XCBuildConfiguration;
			buildSettings = {
				ALWAYS_EMBED_SWIFT_STANDARD_LIBRARIES = YES;
				BUNDLE_LOADER = "$(TEST_HOST)";
				CODE_SIGN_STYLE = Automatic;
				CURRENT_PROJECT_VERSION = 2;
				GENERATE_INFOPLIST_FILE = YES;
				MARKETING_VERSION = 1.0;
				PRODUCT_BUNDLE_IDENTIFIER = "jca.RoundTimer-Watch-AppTests";
				PRODUCT_NAME = "$(TARGET_NAME)";
				SDKROOT = watchos;
				SWIFT_EMIT_LOC_STRINGS = NO;
				SWIFT_VERSION = 5.0;
				TARGETED_DEVICE_FAMILY = 4;
				TEST_HOST = "$(BUILT_PRODUCTS_DIR)/RoundTimer Watch App.app/$(BUNDLE_EXECUTABLE_FOLDER_PATH)/RoundTimer Watch App";
				VALIDATE_PRODUCT = YES;
				WATCHOS_DEPLOYMENT_TARGET = 10.0;
			};
			name = Release;
		};
		290C551E2B58184A00D0CD4C /* Debug */ = {
			isa = XCBuildConfiguration;
			buildSettings = {
				ALWAYS_EMBED_SWIFT_STANDARD_LIBRARIES = YES;
				CODE_SIGN_STYLE = Automatic;
				CURRENT_PROJECT_VERSION = 2;
				GENERATE_INFOPLIST_FILE = YES;
				MARKETING_VERSION = 1.0;
				PRODUCT_BUNDLE_IDENTIFIER = "jca.RoundTimer-Watch-AppUITests";
				PRODUCT_NAME = "$(TARGET_NAME)";
				SDKROOT = watchos;
				SWIFT_EMIT_LOC_STRINGS = NO;
				SWIFT_VERSION = 5.0;
				TARGETED_DEVICE_FAMILY = 4;
				TEST_TARGET_NAME = "RoundTimer Watch App";
				WATCHOS_DEPLOYMENT_TARGET = 10.0;
			};
			name = Debug;
		};
		290C551F2B58184A00D0CD4C /* Release */ = {
			isa = XCBuildConfiguration;
			buildSettings = {
				ALWAYS_EMBED_SWIFT_STANDARD_LIBRARIES = YES;
				CODE_SIGN_STYLE = Automatic;
				CURRENT_PROJECT_VERSION = 2;
				GENERATE_INFOPLIST_FILE = YES;
				MARKETING_VERSION = 1.0;
				PRODUCT_BUNDLE_IDENTIFIER = "jca.RoundTimer-Watch-AppUITests";
				PRODUCT_NAME = "$(TARGET_NAME)";
				SDKROOT = watchos;
				SWIFT_EMIT_LOC_STRINGS = NO;
				SWIFT_VERSION = 5.0;
				TARGETED_DEVICE_FAMILY = 4;
				TEST_TARGET_NAME = "RoundTimer Watch App";
				VALIDATE_PRODUCT = YES;
				WATCHOS_DEPLOYMENT_TARGET = 10.0;
			};
			name = Release;
		};
/* End XCBuildConfiguration section */

/* Begin XCConfigurationList section */
		290C54E42B58184800D0CD4C /* Build configuration list for PBXProject "RoundTimer" */ = {
			isa = XCConfigurationList;
			buildConfigurations = (
				290C55112B58184A00D0CD4C /* Debug */,
				290C55122B58184A00D0CD4C /* Release */,
			);
			defaultConfigurationIsVisible = 0;
			defaultConfigurationName = Release;
		};
		290C55132B58184A00D0CD4C /* Build configuration list for PBXNativeTarget "RoundTimer Watch App" */ = {
			isa = XCConfigurationList;
			buildConfigurations = (
				290C55142B58184A00D0CD4C /* Debug */,
				290C55152B58184A00D0CD4C /* Release */,
			);
			defaultConfigurationIsVisible = 0;
			defaultConfigurationName = Release;
		};
		290C55172B58184A00D0CD4C /* Build configuration list for PBXNativeTarget "RoundTimer" */ = {
			isa = XCConfigurationList;
			buildConfigurations = (
				290C55182B58184A00D0CD4C /* Debug */,
				290C55192B58184A00D0CD4C /* Release */,
			);
			defaultConfigurationIsVisible = 0;
			defaultConfigurationName = Release;
		};
		290C551A2B58184A00D0CD4C /* Build configuration list for PBXNativeTarget "RoundTimer Watch AppTests" */ = {
			isa = XCConfigurationList;
			buildConfigurations = (
				290C551B2B58184A00D0CD4C /* Debug */,
				290C551C2B58184A00D0CD4C /* Release */,
			);
			defaultConfigurationIsVisible = 0;
			defaultConfigurationName = Release;
		};
		290C551D2B58184A00D0CD4C /* Build configuration list for PBXNativeTarget "RoundTimer Watch AppUITests" */ = {
			isa = XCConfigurationList;
			buildConfigurations = (
				290C551E2B58184A00D0CD4C /* Debug */,
				290C551F2B58184A00D0CD4C /* Release */,
			);
			defaultConfigurationIsVisible = 0;
			defaultConfigurationName = Release;
		};
/* End XCConfigurationList section */
	};
	rootObject = 290C54E12B58184800D0CD4C /* Project object */;
}
